// !$*UTF8*$!
{
	archiveVersion = 1;
	classes = {
	};
	objectVersion = 52;
	objects = {

/* Begin PBXBuildFile section */
		7903295F25BC8D9800E27266 /* BindableType.swift in Sources */ = {isa = PBXBuildFile; fileRef = 7903295E25BC8D9800E27266 /* BindableType.swift */; };
		7905168F2590C4C100B9E3DA /* AppDelegate.swift in Sources */ = {isa = PBXBuildFile; fileRef = 7905168E2590C4C100B9E3DA /* AppDelegate.swift */; };
		790516912590C4C100B9E3DA /* SceneDelegate.swift in Sources */ = {isa = PBXBuildFile; fileRef = 790516902590C4C100B9E3DA /* SceneDelegate.swift */; };
		790516982590C4C300B9E3DA /* Assets.xcassets in Resources */ = {isa = PBXBuildFile; fileRef = 790516972590C4C300B9E3DA /* Assets.xcassets */; };
		7905169B2590C4C300B9E3DA /* LaunchScreen.storyboard in Resources */ = {isa = PBXBuildFile; fileRef = 790516992590C4C300B9E3DA /* LaunchScreen.storyboard */; };
		790516A72590D4BF00B9E3DA /* CoordinatorType.swift in Sources */ = {isa = PBXBuildFile; fileRef = 790516A62590D4BF00B9E3DA /* CoordinatorType.swift */; };
		790516A92590D58000B9E3DA /* Weather.storyboard in Resources */ = {isa = PBXBuildFile; fileRef = 790516A82590D58000B9E3DA /* Weather.storyboard */; };
		790516AC2590D69300B9E3DA /* MainTabBarController.swift in Sources */ = {isa = PBXBuildFile; fileRef = 790516AB2590D69300B9E3DA /* MainTabBarController.swift */; };
		790516AE2590D97300B9E3DA /* HomeViewController.swift in Sources */ = {isa = PBXBuildFile; fileRef = 790516AD2590D97300B9E3DA /* HomeViewController.swift */; };
		790516B02590D99C00B9E3DA /* WeatherLobbyController.swift in Sources */ = {isa = PBXBuildFile; fileRef = 790516AF2590D99C00B9E3DA /* WeatherLobbyController.swift */; };
		790516B42590DAD600B9E3DA /* Instantiatable.swift in Sources */ = {isa = PBXBuildFile; fileRef = 790516B32590DAD600B9E3DA /* Instantiatable.swift */; };
		790516B62590E31F00B9E3DA /* ProfileViewController.swift in Sources */ = {isa = PBXBuildFile; fileRef = 790516B52590E31F00B9E3DA /* ProfileViewController.swift */; };
		790516B82590E34700B9E3DA /* AuthViewController.swift in Sources */ = {isa = PBXBuildFile; fileRef = 790516B72590E34700B9E3DA /* AuthViewController.swift */; };
		790516BD2590E86F00B9E3DA /* HomeCoordinator.swift in Sources */ = {isa = PBXBuildFile; fileRef = 790516BC2590E86F00B9E3DA /* HomeCoordinator.swift */; };
		790516BF2590ECB400B9E3DA /* WeatherCoordinator.swift in Sources */ = {isa = PBXBuildFile; fileRef = 790516BE2590ECB400B9E3DA /* WeatherCoordinator.swift */; };
		790516C125925A1500B9E3DA /* ProfileCoordinator.swift in Sources */ = {isa = PBXBuildFile; fileRef = 790516C025925A1500B9E3DA /* ProfileCoordinator.swift */; };
		790516C325925A2D00B9E3DA /* AuthCoordinator.swift in Sources */ = {isa = PBXBuildFile; fileRef = 790516C225925A2D00B9E3DA /* AuthCoordinator.swift */; };
		790516CB2592BCE600B9E3DA /* PersonalInfoViewController.swift in Sources */ = {isa = PBXBuildFile; fileRef = 790516CA2592BCE600B9E3DA /* PersonalInfoViewController.swift */; };
		790516D12592BED800B9E3DA /* Auth.storyboard in Resources */ = {isa = PBXBuildFile; fileRef = 790516D02592BED800B9E3DA /* Auth.storyboard */; };
		790516D32592BEEC00B9E3DA /* Content.storyboard in Resources */ = {isa = PBXBuildFile; fileRef = 790516D22592BEEC00B9E3DA /* Content.storyboard */; };
		790516D52592BEF700B9E3DA /* Home.storyboard in Resources */ = {isa = PBXBuildFile; fileRef = 790516D42592BEF700B9E3DA /* Home.storyboard */; };
		790516D92592BF4B00B9E3DA /* Profile.storyboard in Resources */ = {isa = PBXBuildFile; fileRef = 790516D82592BF4B00B9E3DA /* Profile.storyboard */; };
		790516DC2592C38000B9E3DA /* ApplicationCoordinator.swift in Sources */ = {isa = PBXBuildFile; fileRef = 790516DB2592C38000B9E3DA /* ApplicationCoordinator.swift */; };
		790516F225942D3B00B9E3DA /* MainTabBarCoordinator.swift in Sources */ = {isa = PBXBuildFile; fileRef = 790516F125942D3B00B9E3DA /* MainTabBarCoordinator.swift */; };
		790516F72595182400B9E3DA /* Logger.swift in Sources */ = {isa = PBXBuildFile; fileRef = 790516F62595182400B9E3DA /* Logger.swift */; };
		790516F9259538C500B9E3DA /* String+Extensions.swift in Sources */ = {isa = PBXBuildFile; fileRef = 790516F8259538C500B9E3DA /* String+Extensions.swift */; };
		790516FB25956F8C00B9E3DA /* Coordinator.swift in Sources */ = {isa = PBXBuildFile; fileRef = 790516FA25956F8C00B9E3DA /* Coordinator.swift */; };
		7905170B2597E06300B9E3DA /* UITabBarController+Extensions.swift in Sources */ = {isa = PBXBuildFile; fileRef = 7905170A2597E06300B9E3DA /* UITabBarController+Extensions.swift */; };
		79051712259980A600B9E3DA /* ViewController.swift in Sources */ = {isa = PBXBuildFile; fileRef = 79051711259980A600B9E3DA /* ViewController.swift */; };
		7905171825A0C63C00B9E3DA /* CreditCardsViewController.swift in Sources */ = {isa = PBXBuildFile; fileRef = 7905171725A0C63C00B9E3DA /* CreditCardsViewController.swift */; };
		7905171F25A1283C00B9E3DA /* MainTabBarViewModel.swift in Sources */ = {isa = PBXBuildFile; fileRef = 7905171E25A1283C00B9E3DA /* MainTabBarViewModel.swift */; };
		7905172225A15E2100B9E3DA /* HomeViewModel.swift in Sources */ = {isa = PBXBuildFile; fileRef = 7905172125A15E2100B9E3DA /* HomeViewModel.swift */; };
		7920481625BDF218000D0EE1 /* WeatherService.swift in Sources */ = {isa = PBXBuildFile; fileRef = 7920481525BDF218000D0EE1 /* WeatherService.swift */; };
		792CA1A725B494ED00924F2F /* CustomJSONDecoder.swift in Sources */ = {isa = PBXBuildFile; fileRef = 792CA1A625B494ED00924F2F /* CustomJSONDecoder.swift */; };
		79348D8125ABD7A90035246A /* NavigationControllerFactory.swift in Sources */ = {isa = PBXBuildFile; fileRef = 79348D8025ABD7A90035246A /* NavigationControllerFactory.swift */; };
		79469ADA25A4DDF300ECC90B /* UIApplication+Extensions.swift in Sources */ = {isa = PBXBuildFile; fileRef = 79469AD925A4DDF300ECC90B /* UIApplication+Extensions.swift */; };
		79469ADE25A4E9A300ECC90B /* ServicesContainer.swift in Sources */ = {isa = PBXBuildFile; fileRef = 79469ADD25A4E9A300ECC90B /* ServicesContainer.swift */; };
		79469AE225A4EA1400ECC90B /* UserSession.swift in Sources */ = {isa = PBXBuildFile; fileRef = 79469AE125A4EA1400ECC90B /* UserSession.swift */; };
		79469AEC25A4F60A00ECC90B /* KeyChain.swift in Sources */ = {isa = PBXBuildFile; fileRef = 79469AEB25A4F60A00ECC90B /* KeyChain.swift */; };
		79469AF025A4F75C00ECC90B /* Obfuscator.swift in Sources */ = {isa = PBXBuildFile; fileRef = 79469AEF25A4F75C00ECC90B /* Obfuscator.swift */; };
		79469AF425A5042E00ECC90B /* AccessToken.swift in Sources */ = {isa = PBXBuildFile; fileRef = 79469AF325A5042E00ECC90B /* AccessToken.swift */; };
		79469AF825A5043A00ECC90B /* User.swift in Sources */ = {isa = PBXBuildFile; fileRef = 79469AF725A5043A00ECC90B /* User.swift */; };
		79469B3F25A8E39900ECC90B /* FirstNameViewController.swift in Sources */ = {isa = PBXBuildFile; fileRef = 79469B3E25A8E39900ECC90B /* FirstNameViewController.swift */; };
		79469B4325A8E3AF00ECC90B /* LastNameViewController.swift in Sources */ = {isa = PBXBuildFile; fileRef = 79469B4225A8E3AF00ECC90B /* LastNameViewController.swift */; };
		79469B4625A8F7DB00ECC90B /* FirstNameViewModel.swift in Sources */ = {isa = PBXBuildFile; fileRef = 79469B4525A8F7DB00ECC90B /* FirstNameViewModel.swift */; };
		79469B4925A8F7E900ECC90B /* LastNameViewModel.swift in Sources */ = {isa = PBXBuildFile; fileRef = 79469B4825A8F7E900ECC90B /* LastNameViewModel.swift */; };
		79469B5925AA0B8900ECC90B /* UIViewController+Extensions.swift in Sources */ = {isa = PBXBuildFile; fileRef = 79469B5825AA0B8900ECC90B /* UIViewController+Extensions.swift */; };
		79563DDD25AF858000636F91 /* RequestHeaderAdaptable.swift in Sources */ = {isa = PBXBuildFile; fileRef = 79563DDC25AF858000636F91 /* RequestHeaderAdaptable.swift */; };
		79563DE925AF8F1300636F91 /* RequestParametersAdapter.swift in Sources */ = {isa = PBXBuildFile; fileRef = 79563DE825AF8F1300636F91 /* RequestParametersAdapter.swift */; };
		79563DEC25AF8FBB00636F91 /* HTTPMethod.swift in Sources */ = {isa = PBXBuildFile; fileRef = 79563DEB25AF8FBB00636F91 /* HTTPMethod.swift */; };
		79686D5C25A24EA8008CF481 /* ProfileViewModel.swift in Sources */ = {isa = PBXBuildFile; fileRef = 79686D5B25A24EA8008CF481 /* ProfileViewModel.swift */; };
		79686D6325A25385008CF481 /* AuthViewModel.swift in Sources */ = {isa = PBXBuildFile; fileRef = 79686D6225A25385008CF481 /* AuthViewModel.swift */; };
		79686D6B25A2B701008CF481 /* WeatherLobbyViewModel.swift in Sources */ = {isa = PBXBuildFile; fileRef = 79686D6A25A2B701008CF481 /* WeatherLobbyViewModel.swift */; };
		79715C2625AA537B0028E9B9 /* PersonalInfoViewModel.swift in Sources */ = {isa = PBXBuildFile; fileRef = 79715C2525AA537B0028E9B9 /* PersonalInfoViewModel.swift */; };
		799107AD25ACA564003FC014 /* TabBarIcons.swift in Sources */ = {isa = PBXBuildFile; fileRef = 799107AC25ACA564003FC014 /* TabBarIcons.swift */; };
		79A07B3125C9ACC2000A12A5 /* Constants.swift in Sources */ = {isa = PBXBuildFile; fileRef = 79A07B3025C9ACC2000A12A5 /* Constants.swift */; };
		79B0223C25ADFEB300BBBE12 /* RxCocoa in Frameworks */ = {isa = PBXBuildFile; productRef = 79B0223B25ADFEB300BBBE12 /* RxCocoa */; };
		79B0223E25ADFEB300BBBE12 /* RxSwift in Frameworks */ = {isa = PBXBuildFile; productRef = 79B0223D25ADFEB300BBBE12 /* RxSwift */; };
		79B0224925AE044400BBBE12 /* CLLocationManager+Rx.swift in Sources */ = {isa = PBXBuildFile; fileRef = 79B0224725AE044400BBBE12 /* CLLocationManager+Rx.swift */; };
		79B0224A25AE044400BBBE12 /* LocationService.swift in Sources */ = {isa = PBXBuildFile; fileRef = 79B0224825AE044400BBBE12 /* LocationService.swift */; };
		79B0225025AE048200BBBE12 /* BaseNetworkClient.swift in Sources */ = {isa = PBXBuildFile; fileRef = 79B0224D25AE048200BBBE12 /* BaseNetworkClient.swift */; };
		79B0225125AE048200BBBE12 /* Weather.swift in Sources */ = {isa = PBXBuildFile; fileRef = 79B0224E25AE048200BBBE12 /* Weather.swift */; };
		79B0225225AE048200BBBE12 /* WeatherApi.swift in Sources */ = {isa = PBXBuildFile; fileRef = 79B0224F25AE048200BBBE12 /* WeatherApi.swift */; };
		79B0225825AE058400BBBE12 /* UIViewController+Rx.swift in Sources */ = {isa = PBXBuildFile; fileRef = 79B0225525AE058400BBBE12 /* UIViewController+Rx.swift */; };
		79B0225925AE058400BBBE12 /* URLSession+Rx.swift in Sources */ = {isa = PBXBuildFile; fileRef = 79B0225625AE058400BBBE12 /* URLSession+Rx.swift */; };
		79B0225A25AE058400BBBE12 /* OptionalUnwrap+Rx.swift in Sources */ = {isa = PBXBuildFile; fileRef = 79B0225725AE058400BBBE12 /* OptionalUnwrap+Rx.swift */; };
		79B0225D25AE05E900BBBE12 /* ApplicationErrors.swift in Sources */ = {isa = PBXBuildFile; fileRef = 79B0225C25AE05E900BBBE12 /* ApplicationErrors.swift */; };
		79B0226525AE082400BBBE12 /* Reachability.swift in Sources */ = {isa = PBXBuildFile; fileRef = 79B0226425AE082400BBBE12 /* Reachability.swift */; };
		79B0226D25AE0D5100BBBE12 /* MainSceneStateFormatting.swift in Sources */ = {isa = PBXBuildFile; fileRef = 79B0226B25AE0D5100BBBE12 /* MainSceneStateFormatting.swift */; };
		79B0226E25AE0D5100BBBE12 /* GlobalStateStorage.swift in Sources */ = {isa = PBXBuildFile; fileRef = 79B0226C25AE0D5100BBBE12 /* GlobalStateStorage.swift */; };
		79B0227725AE16C800BBBE12 /* StateContentFormattable.swift in Sources */ = {isa = PBXBuildFile; fileRef = 79B0227625AE16C800BBBE12 /* StateContentFormattable.swift */; };
		79B0227D25AE172A00BBBE12 /* WeatherSceneViewController.swift in Sources */ = {isa = PBXBuildFile; fileRef = 79B0227925AE172900BBBE12 /* WeatherSceneViewController.swift */; };
		79B0227F25AE172A00BBBE12 /* WeatherSceneViewModel.swift in Sources */ = {isa = PBXBuildFile; fileRef = 79B0227B25AE172900BBBE12 /* WeatherSceneViewModel.swift */; };
		79B0228025AE172A00BBBE12 /* WeatherSceneState.swift in Sources */ = {isa = PBXBuildFile; fileRef = 79B0227C25AE172900BBBE12 /* WeatherSceneState.swift */; };
		79B0228425AE18B100BBBE12 /* Utils.swift in Sources */ = {isa = PBXBuildFile; fileRef = 79B0228325AE18B100BBBE12 /* Utils.swift */; };
		79B0229025AE218A00BBBE12 /* StoryboardNames.swift in Sources */ = {isa = PBXBuildFile; fileRef = 79B0228F25AE218A00BBBE12 /* StoryboardNames.swift */; };
		79B0229925AE227600BBBE12 /* FormattingService.swift in Sources */ = {isa = PBXBuildFile; fileRef = 79B0229825AE227600BBBE12 /* FormattingService.swift */; };
		79B022A625AE7A7500BBBE12 /* RequestHeaderAdapter.swift in Sources */ = {isa = PBXBuildFile; fileRef = 79B022A525AE7A7500BBBE12 /* RequestHeaderAdapter.swift */; };
		79B022A925AE811B00BBBE12 /* RequestBuilder.swift in Sources */ = {isa = PBXBuildFile; fileRef = 79B022A825AE811B00BBBE12 /* RequestBuilder.swift */; };
		79F05BF625B33F3400E21283 /* TokenRecovering.swift in Sources */ = {isa = PBXBuildFile; fileRef = 79F05BF525B33F3400E21283 /* TokenRecovering.swift */; };
/* End PBXBuildFile section */

/* Begin PBXFileReference section */
		7903295E25BC8D9800E27266 /* BindableType.swift */ = {isa = PBXFileReference; lastKnownFileType = sourcecode.swift; path = BindableType.swift; sourceTree = "<group>"; };
		7905168B2590C4C100B9E3DA /* MyCoordinatorsTemplate.app */ = {isa = PBXFileReference; explicitFileType = wrapper.application; includeInIndex = 0; path = MyCoordinatorsTemplate.app; sourceTree = BUILT_PRODUCTS_DIR; };
		7905168E2590C4C100B9E3DA /* AppDelegate.swift */ = {isa = PBXFileReference; lastKnownFileType = sourcecode.swift; path = AppDelegate.swift; sourceTree = "<group>"; };
		790516902590C4C100B9E3DA /* SceneDelegate.swift */ = {isa = PBXFileReference; lastKnownFileType = sourcecode.swift; path = SceneDelegate.swift; sourceTree = "<group>"; };
		790516972590C4C300B9E3DA /* Assets.xcassets */ = {isa = PBXFileReference; lastKnownFileType = folder.assetcatalog; path = Assets.xcassets; sourceTree = "<group>"; };
		7905169A2590C4C300B9E3DA /* Base */ = {isa = PBXFileReference; lastKnownFileType = file.storyboard; name = Base; path = Base.lproj/LaunchScreen.storyboard; sourceTree = "<group>"; };
		7905169C2590C4C300B9E3DA /* Info.plist */ = {isa = PBXFileReference; lastKnownFileType = text.plist.xml; path = Info.plist; sourceTree = "<group>"; };
		790516A62590D4BF00B9E3DA /* CoordinatorType.swift */ = {isa = PBXFileReference; lastKnownFileType = sourcecode.swift; path = CoordinatorType.swift; sourceTree = "<group>"; };
		790516A82590D58000B9E3DA /* Weather.storyboard */ = {isa = PBXFileReference; lastKnownFileType = file.storyboard; path = Weather.storyboard; sourceTree = "<group>"; };
		790516AB2590D69300B9E3DA /* MainTabBarController.swift */ = {isa = PBXFileReference; lastKnownFileType = sourcecode.swift; path = MainTabBarController.swift; sourceTree = "<group>"; };
		790516AD2590D97300B9E3DA /* HomeViewController.swift */ = {isa = PBXFileReference; lastKnownFileType = sourcecode.swift; path = HomeViewController.swift; sourceTree = "<group>"; };
		790516AF2590D99C00B9E3DA /* WeatherLobbyController.swift */ = {isa = PBXFileReference; lastKnownFileType = sourcecode.swift; path = WeatherLobbyController.swift; sourceTree = "<group>"; };
		790516B32590DAD600B9E3DA /* Instantiatable.swift */ = {isa = PBXFileReference; lastKnownFileType = sourcecode.swift; path = Instantiatable.swift; sourceTree = "<group>"; };
		790516B52590E31F00B9E3DA /* ProfileViewController.swift */ = {isa = PBXFileReference; lastKnownFileType = sourcecode.swift; path = ProfileViewController.swift; sourceTree = "<group>"; };
		790516B72590E34700B9E3DA /* AuthViewController.swift */ = {isa = PBXFileReference; lastKnownFileType = sourcecode.swift; path = AuthViewController.swift; sourceTree = "<group>"; };
		790516BC2590E86F00B9E3DA /* HomeCoordinator.swift */ = {isa = PBXFileReference; lastKnownFileType = sourcecode.swift; path = HomeCoordinator.swift; sourceTree = "<group>"; };
		790516BE2590ECB400B9E3DA /* WeatherCoordinator.swift */ = {isa = PBXFileReference; lastKnownFileType = sourcecode.swift; path = WeatherCoordinator.swift; sourceTree = "<group>"; };
		790516C025925A1500B9E3DA /* ProfileCoordinator.swift */ = {isa = PBXFileReference; lastKnownFileType = sourcecode.swift; path = ProfileCoordinator.swift; sourceTree = "<group>"; };
		790516C225925A2D00B9E3DA /* AuthCoordinator.swift */ = {isa = PBXFileReference; lastKnownFileType = sourcecode.swift; path = AuthCoordinator.swift; sourceTree = "<group>"; };
		790516CA2592BCE600B9E3DA /* PersonalInfoViewController.swift */ = {isa = PBXFileReference; lastKnownFileType = sourcecode.swift; path = PersonalInfoViewController.swift; sourceTree = "<group>"; };
		790516D02592BED800B9E3DA /* Auth.storyboard */ = {isa = PBXFileReference; lastKnownFileType = file.storyboard; path = Auth.storyboard; sourceTree = "<group>"; };
		790516D22592BEEC00B9E3DA /* Content.storyboard */ = {isa = PBXFileReference; lastKnownFileType = file.storyboard; path = Content.storyboard; sourceTree = "<group>"; };
		790516D42592BEF700B9E3DA /* Home.storyboard */ = {isa = PBXFileReference; lastKnownFileType = file.storyboard; path = Home.storyboard; sourceTree = "<group>"; };
		790516D82592BF4B00B9E3DA /* Profile.storyboard */ = {isa = PBXFileReference; lastKnownFileType = file.storyboard; path = Profile.storyboard; sourceTree = "<group>"; };
		790516DB2592C38000B9E3DA /* ApplicationCoordinator.swift */ = {isa = PBXFileReference; lastKnownFileType = sourcecode.swift; path = ApplicationCoordinator.swift; sourceTree = "<group>"; };
		790516F125942D3B00B9E3DA /* MainTabBarCoordinator.swift */ = {isa = PBXFileReference; lastKnownFileType = sourcecode.swift; path = MainTabBarCoordinator.swift; sourceTree = "<group>"; };
		790516F62595182400B9E3DA /* Logger.swift */ = {isa = PBXFileReference; lastKnownFileType = sourcecode.swift; path = Logger.swift; sourceTree = "<group>"; };
		790516F8259538C500B9E3DA /* String+Extensions.swift */ = {isa = PBXFileReference; lastKnownFileType = sourcecode.swift; path = "String+Extensions.swift"; sourceTree = "<group>"; };
		790516FA25956F8C00B9E3DA /* Coordinator.swift */ = {isa = PBXFileReference; lastKnownFileType = sourcecode.swift; path = Coordinator.swift; sourceTree = "<group>"; };
		7905170A2597E06300B9E3DA /* UITabBarController+Extensions.swift */ = {isa = PBXFileReference; lastKnownFileType = sourcecode.swift; path = "UITabBarController+Extensions.swift"; sourceTree = "<group>"; };
		79051711259980A600B9E3DA /* ViewController.swift */ = {isa = PBXFileReference; lastKnownFileType = sourcecode.swift; path = ViewController.swift; sourceTree = "<group>"; };
		7905171725A0C63C00B9E3DA /* CreditCardsViewController.swift */ = {isa = PBXFileReference; lastKnownFileType = sourcecode.swift; path = CreditCardsViewController.swift; sourceTree = "<group>"; };
		7905171E25A1283C00B9E3DA /* MainTabBarViewModel.swift */ = {isa = PBXFileReference; lastKnownFileType = sourcecode.swift; path = MainTabBarViewModel.swift; sourceTree = "<group>"; };
		7905172125A15E2100B9E3DA /* HomeViewModel.swift */ = {isa = PBXFileReference; lastKnownFileType = sourcecode.swift; path = HomeViewModel.swift; sourceTree = "<group>"; };
		7920481525BDF218000D0EE1 /* WeatherService.swift */ = {isa = PBXFileReference; lastKnownFileType = sourcecode.swift; path = WeatherService.swift; sourceTree = "<group>"; };
		792CA1A625B494ED00924F2F /* CustomJSONDecoder.swift */ = {isa = PBXFileReference; lastKnownFileType = sourcecode.swift; path = CustomJSONDecoder.swift; sourceTree = "<group>"; };
		79348D8025ABD7A90035246A /* NavigationControllerFactory.swift */ = {isa = PBXFileReference; lastKnownFileType = sourcecode.swift; path = NavigationControllerFactory.swift; sourceTree = "<group>"; };
		79469AD925A4DDF300ECC90B /* UIApplication+Extensions.swift */ = {isa = PBXFileReference; lastKnownFileType = sourcecode.swift; path = "UIApplication+Extensions.swift"; sourceTree = "<group>"; };
		79469ADD25A4E9A300ECC90B /* ServicesContainer.swift */ = {isa = PBXFileReference; lastKnownFileType = sourcecode.swift; path = ServicesContainer.swift; sourceTree = "<group>"; };
		79469AE125A4EA1400ECC90B /* UserSession.swift */ = {isa = PBXFileReference; lastKnownFileType = sourcecode.swift; path = UserSession.swift; sourceTree = "<group>"; };
		79469AEB25A4F60A00ECC90B /* KeyChain.swift */ = {isa = PBXFileReference; lastKnownFileType = sourcecode.swift; path = KeyChain.swift; sourceTree = "<group>"; };
		79469AEF25A4F75C00ECC90B /* Obfuscator.swift */ = {isa = PBXFileReference; lastKnownFileType = sourcecode.swift; path = Obfuscator.swift; sourceTree = "<group>"; };
		79469AF325A5042E00ECC90B /* AccessToken.swift */ = {isa = PBXFileReference; lastKnownFileType = sourcecode.swift; path = AccessToken.swift; sourceTree = "<group>"; };
		79469AF725A5043A00ECC90B /* User.swift */ = {isa = PBXFileReference; lastKnownFileType = sourcecode.swift; path = User.swift; sourceTree = "<group>"; };
		79469B3E25A8E39900ECC90B /* FirstNameViewController.swift */ = {isa = PBXFileReference; lastKnownFileType = sourcecode.swift; path = FirstNameViewController.swift; sourceTree = "<group>"; };
		79469B4225A8E3AF00ECC90B /* LastNameViewController.swift */ = {isa = PBXFileReference; lastKnownFileType = sourcecode.swift; path = LastNameViewController.swift; sourceTree = "<group>"; };
		79469B4525A8F7DB00ECC90B /* FirstNameViewModel.swift */ = {isa = PBXFileReference; lastKnownFileType = sourcecode.swift; path = FirstNameViewModel.swift; sourceTree = "<group>"; };
		79469B4825A8F7E900ECC90B /* LastNameViewModel.swift */ = {isa = PBXFileReference; lastKnownFileType = sourcecode.swift; path = LastNameViewModel.swift; sourceTree = "<group>"; };
		79469B5825AA0B8900ECC90B /* UIViewController+Extensions.swift */ = {isa = PBXFileReference; lastKnownFileType = sourcecode.swift; path = "UIViewController+Extensions.swift"; sourceTree = "<group>"; };
		79563DDC25AF858000636F91 /* RequestHeaderAdaptable.swift */ = {isa = PBXFileReference; lastKnownFileType = sourcecode.swift; path = RequestHeaderAdaptable.swift; sourceTree = "<group>"; };
		79563DE825AF8F1300636F91 /* RequestParametersAdapter.swift */ = {isa = PBXFileReference; lastKnownFileType = sourcecode.swift; path = RequestParametersAdapter.swift; sourceTree = "<group>"; };
		79563DEB25AF8FBB00636F91 /* HTTPMethod.swift */ = {isa = PBXFileReference; lastKnownFileType = sourcecode.swift; path = HTTPMethod.swift; sourceTree = "<group>"; };
		79686D5B25A24EA8008CF481 /* ProfileViewModel.swift */ = {isa = PBXFileReference; lastKnownFileType = sourcecode.swift; path = ProfileViewModel.swift; sourceTree = "<group>"; };
		79686D6225A25385008CF481 /* AuthViewModel.swift */ = {isa = PBXFileReference; lastKnownFileType = sourcecode.swift; path = AuthViewModel.swift; sourceTree = "<group>"; };
		79686D6A25A2B701008CF481 /* WeatherLobbyViewModel.swift */ = {isa = PBXFileReference; lastKnownFileType = sourcecode.swift; path = WeatherLobbyViewModel.swift; sourceTree = "<group>"; };
		79715C2525AA537B0028E9B9 /* PersonalInfoViewModel.swift */ = {isa = PBXFileReference; lastKnownFileType = sourcecode.swift; path = PersonalInfoViewModel.swift; sourceTree = "<group>"; };
		799107AC25ACA564003FC014 /* TabBarIcons.swift */ = {isa = PBXFileReference; lastKnownFileType = sourcecode.swift; path = TabBarIcons.swift; sourceTree = "<group>"; };
		79A07B3025C9ACC2000A12A5 /* Constants.swift */ = {isa = PBXFileReference; lastKnownFileType = sourcecode.swift; path = Constants.swift; sourceTree = "<group>"; };
		79B0224725AE044400BBBE12 /* CLLocationManager+Rx.swift */ = {isa = PBXFileReference; fileEncoding = 4; lastKnownFileType = sourcecode.swift; path = "CLLocationManager+Rx.swift"; sourceTree = "<group>"; };
		79B0224825AE044400BBBE12 /* LocationService.swift */ = {isa = PBXFileReference; fileEncoding = 4; lastKnownFileType = sourcecode.swift; path = LocationService.swift; sourceTree = "<group>"; };
		79B0224D25AE048200BBBE12 /* BaseNetworkClient.swift */ = {isa = PBXFileReference; fileEncoding = 4; lastKnownFileType = sourcecode.swift; path = BaseNetworkClient.swift; sourceTree = "<group>"; };
		79B0224E25AE048200BBBE12 /* Weather.swift */ = {isa = PBXFileReference; fileEncoding = 4; lastKnownFileType = sourcecode.swift; path = Weather.swift; sourceTree = "<group>"; };
		79B0224F25AE048200BBBE12 /* WeatherApi.swift */ = {isa = PBXFileReference; fileEncoding = 4; lastKnownFileType = sourcecode.swift; path = WeatherApi.swift; sourceTree = "<group>"; };
		79B0225525AE058400BBBE12 /* UIViewController+Rx.swift */ = {isa = PBXFileReference; fileEncoding = 4; lastKnownFileType = sourcecode.swift; path = "UIViewController+Rx.swift"; sourceTree = "<group>"; };
		79B0225625AE058400BBBE12 /* URLSession+Rx.swift */ = {isa = PBXFileReference; fileEncoding = 4; lastKnownFileType = sourcecode.swift; path = "URLSession+Rx.swift"; sourceTree = "<group>"; };
		79B0225725AE058400BBBE12 /* OptionalUnwrap+Rx.swift */ = {isa = PBXFileReference; fileEncoding = 4; lastKnownFileType = sourcecode.swift; path = "OptionalUnwrap+Rx.swift"; sourceTree = "<group>"; };
		79B0225C25AE05E900BBBE12 /* ApplicationErrors.swift */ = {isa = PBXFileReference; fileEncoding = 4; lastKnownFileType = sourcecode.swift; path = ApplicationErrors.swift; sourceTree = "<group>"; };
		79B0226425AE082400BBBE12 /* Reachability.swift */ = {isa = PBXFileReference; fileEncoding = 4; lastKnownFileType = sourcecode.swift; path = Reachability.swift; sourceTree = "<group>"; };
		79B0226B25AE0D5100BBBE12 /* MainSceneStateFormatting.swift */ = {isa = PBXFileReference; fileEncoding = 4; lastKnownFileType = sourcecode.swift; path = MainSceneStateFormatting.swift; sourceTree = "<group>"; };
		79B0226C25AE0D5100BBBE12 /* GlobalStateStorage.swift */ = {isa = PBXFileReference; fileEncoding = 4; lastKnownFileType = sourcecode.swift; path = GlobalStateStorage.swift; sourceTree = "<group>"; };
		79B0227625AE16C800BBBE12 /* StateContentFormattable.swift */ = {isa = PBXFileReference; fileEncoding = 4; lastKnownFileType = sourcecode.swift; path = StateContentFormattable.swift; sourceTree = "<group>"; };
		79B0227925AE172900BBBE12 /* WeatherSceneViewController.swift */ = {isa = PBXFileReference; fileEncoding = 4; lastKnownFileType = sourcecode.swift; path = WeatherSceneViewController.swift; sourceTree = "<group>"; };
		79B0227B25AE172900BBBE12 /* WeatherSceneViewModel.swift */ = {isa = PBXFileReference; fileEncoding = 4; lastKnownFileType = sourcecode.swift; path = WeatherSceneViewModel.swift; sourceTree = "<group>"; };
		79B0227C25AE172900BBBE12 /* WeatherSceneState.swift */ = {isa = PBXFileReference; fileEncoding = 4; lastKnownFileType = sourcecode.swift; path = WeatherSceneState.swift; sourceTree = "<group>"; };
		79B0228325AE18B100BBBE12 /* Utils.swift */ = {isa = PBXFileReference; fileEncoding = 4; lastKnownFileType = sourcecode.swift; path = Utils.swift; sourceTree = "<group>"; };
		79B0228F25AE218A00BBBE12 /* StoryboardNames.swift */ = {isa = PBXFileReference; lastKnownFileType = sourcecode.swift; path = StoryboardNames.swift; sourceTree = "<group>"; };
		79B0229825AE227600BBBE12 /* FormattingService.swift */ = {isa = PBXFileReference; lastKnownFileType = sourcecode.swift; path = FormattingService.swift; sourceTree = "<group>"; };
		79B022A525AE7A7500BBBE12 /* RequestHeaderAdapter.swift */ = {isa = PBXFileReference; lastKnownFileType = sourcecode.swift; path = RequestHeaderAdapter.swift; sourceTree = "<group>"; };
		79B022A825AE811B00BBBE12 /* RequestBuilder.swift */ = {isa = PBXFileReference; lastKnownFileType = sourcecode.swift; path = RequestBuilder.swift; sourceTree = "<group>"; };
		79F05BF525B33F3400E21283 /* TokenRecovering.swift */ = {isa = PBXFileReference; lastKnownFileType = sourcecode.swift; path = TokenRecovering.swift; sourceTree = "<group>"; };
/* End PBXFileReference section */

/* Begin PBXFrameworksBuildPhase section */
		790516882590C4C100B9E3DA /* Frameworks */ = {
			isa = PBXFrameworksBuildPhase;
			buildActionMask = 2147483647;
			files = (
				79B0223E25ADFEB300BBBE12 /* RxSwift in Frameworks */,
				79B0223C25ADFEB300BBBE12 /* RxCocoa in Frameworks */,
			);
			runOnlyForDeploymentPostprocessing = 0;
		};
/* End PBXFrameworksBuildPhase section */

/* Begin PBXGroup section */
		790516822590C4C100B9E3DA = {
			isa = PBXGroup;
			children = (
				7905168D2590C4C100B9E3DA /* MyCoordinatorsTemplate */,
				7905168C2590C4C100B9E3DA /* Products */,
			);
			sourceTree = "<group>";
		};
		7905168C2590C4C100B9E3DA /* Products */ = {
			isa = PBXGroup;
			children = (
				7905168B2590C4C100B9E3DA /* MyCoordinatorsTemplate.app */,
			);
			name = Products;
			sourceTree = "<group>";
		};
		7905168D2590C4C100B9E3DA /* MyCoordinatorsTemplate */ = {
			isa = PBXGroup;
			children = (
				790516A32590C53F00B9E3DA /* Application */,
				790516CF2592BE2B00B9E3DA /* Storyboards */,
				790516A42590C79A00B9E3DA /* Scenes */,
				790516B12590DAB000B9E3DA /* Source */,
				79348D8525ABDAE40035246A /* Resources */,
			);
			path = MyCoordinatorsTemplate;
			sourceTree = "<group>";
		};
		790516A32590C53F00B9E3DA /* Application */ = {
			isa = PBXGroup;
			children = (
				7905168E2590C4C100B9E3DA /* AppDelegate.swift */,
				790516902590C4C100B9E3DA /* SceneDelegate.swift */,
				7905169C2590C4C300B9E3DA /* Info.plist */,
			);
			path = Application;
			sourceTree = "<group>";
		};
		790516A42590C79A00B9E3DA /* Scenes */ = {
			isa = PBXGroup;
			children = (
				790516DB2592C38000B9E3DA /* ApplicationCoordinator.swift */,
				79348D9725ABE0B60035246A /* Content */,
				790516AA2590D65000B9E3DA /* Auth */,
			);
			path = Scenes;
			sourceTree = "<group>";
		};
		790516AA2590D65000B9E3DA /* Auth */ = {
			isa = PBXGroup;
			children = (
				790516C225925A2D00B9E3DA /* AuthCoordinator.swift */,
				79469B3D25A8E35400ECC90B /* FirstNameViewController */,
				79469B4E25A9006E00ECC90B /* LastNameViewController */,
				79469B4F25A9009300ECC90B /* FinalStepViewController */,
			);
			path = Auth;
			sourceTree = "<group>";
		};
		790516B12590DAB000B9E3DA /* Source */ = {
			isa = PBXGroup;
			children = (
				79469AE025A4E9F200ECC90B /* Services */,
				79348D8725ABDB4B0035246A /* Core Additions */,
			);
			path = Source;
			sourceTree = "<group>";
		};
		790516C62592B83400B9E3DA /* ProfileViewController */ = {
			isa = PBXGroup;
			children = (
				790516C025925A1500B9E3DA /* ProfileCoordinator.swift */,
				79348D9325ABE0600035246A /* ProfileViewController */,
				79348DA125AC9F920035246A /* PersonalInfo */,
				79348DA325AC9FA00035246A /* CreditCards */,
			);
			path = ProfileViewController;
			sourceTree = "<group>";
		};
		790516CC2592BD1700B9E3DA /* HomeTab */ = {
			isa = PBXGroup;
			children = (
				790516BC2590E86F00B9E3DA /* HomeCoordinator.swift */,
				79348D9C25AC9F0E0035246A /* HomeViewController */,
				790516C62592B83400B9E3DA /* ProfileViewController */,
			);
			path = HomeTab;
			sourceTree = "<group>";
		};
		790516CD2592BDD800B9E3DA /* FeedTab */ = {
			isa = PBXGroup;
			children = (
				790516BE2590ECB400B9E3DA /* WeatherCoordinator.swift */,
				79348D9125ABE0500035246A /* WeatherLobbyViewController */,
				79469B5225A900D100ECC90B /* WeatherViewController */,
			);
			path = FeedTab;
			sourceTree = "<group>";
		};
		790516CF2592BE2B00B9E3DA /* Storyboards */ = {
			isa = PBXGroup;
			children = (
				790516992590C4C300B9E3DA /* LaunchScreen.storyboard */,
				790516D02592BED800B9E3DA /* Auth.storyboard */,
				790516D22592BEEC00B9E3DA /* Content.storyboard */,
				790516D42592BEF700B9E3DA /* Home.storyboard */,
				790516D82592BF4B00B9E3DA /* Profile.storyboard */,
				790516A82590D58000B9E3DA /* Weather.storyboard */,
			);
			path = Storyboards;
			sourceTree = "<group>";
		};
		790516F52595181700B9E3DA /* Helper */ = {
			isa = PBXGroup;
			children = (
				79B0228325AE18B100BBBE12 /* Utils.swift */,
				790516F62595182400B9E3DA /* Logger.swift */,
			);
			path = Helper;
			sourceTree = "<group>";
		};
		79348D8525ABDAE40035246A /* Resources */ = {
			isa = PBXGroup;
			children = (
				790516972590C4C300B9E3DA /* Assets.xcassets */,
			);
			path = Resources;
			sourceTree = "<group>";
		};
		79348D8725ABDB4B0035246A /* Core Additions */ = {
			isa = PBXGroup;
			children = (
				79348D8025ABD7A90035246A /* NavigationControllerFactory.swift */,
				79348D8825ABDB790035246A /* Constants */,
				79B0226825AE084900BBBE12 /* Models */,
				79B0226025AE067E00BBBE12 /* Protocols */,
				79B0228D25AE212000BBBE12 /* BaseClasses */,
				79B0225425AE051100BBBE12 /* Extensions+Rx */,
				79348D8D25ABDDC60035246A /* Extensions */,
				790516F52595181700B9E3DA /* Helper */,
			);
			path = "Core Additions";
			sourceTree = "<group>";
		};
		79348D8825ABDB790035246A /* Constants */ = {
			isa = PBXGroup;
			children = (
				799107AC25ACA564003FC014 /* TabBarIcons.swift */,
				79B0228F25AE218A00BBBE12 /* StoryboardNames.swift */,
				79B0225C25AE05E900BBBE12 /* ApplicationErrors.swift */,
				79A07B3025C9ACC2000A12A5 /* Constants.swift */,
			);
			path = Constants;
			sourceTree = "<group>";
		};
		79348D8D25ABDDC60035246A /* Extensions */ = {
			isa = PBXGroup;
			children = (
				790516F8259538C500B9E3DA /* String+Extensions.swift */,
				7905170A2597E06300B9E3DA /* UITabBarController+Extensions.swift */,
				79469AD925A4DDF300ECC90B /* UIApplication+Extensions.swift */,
				79469B5825AA0B8900ECC90B /* UIViewController+Extensions.swift */,
			);
			path = Extensions;
			sourceTree = "<group>";
		};
		79348D9125ABE0500035246A /* WeatherLobbyViewController */ = {
			isa = PBXGroup;
			children = (
				790516AF2590D99C00B9E3DA /* WeatherLobbyController.swift */,
				79686D6A25A2B701008CF481 /* WeatherLobbyViewModel.swift */,
			);
			path = WeatherLobbyViewController;
			sourceTree = "<group>";
		};
		79348D9325ABE0600035246A /* ProfileViewController */ = {
			isa = PBXGroup;
			children = (
				790516B52590E31F00B9E3DA /* ProfileViewController.swift */,
				79686D5B25A24EA8008CF481 /* ProfileViewModel.swift */,
			);
			path = ProfileViewController;
			sourceTree = "<group>";
		};
		79348D9725ABE0B60035246A /* Content */ = {
			isa = PBXGroup;
			children = (
				790516F125942D3B00B9E3DA /* MainTabBarCoordinator.swift */,
				79348D9E25AC9F380035246A /* MainTabBarViewController */,
				79B0228C25AE20E000BBBE12 /* Tabs */,
			);
			path = Content;
			sourceTree = "<group>";
		};
		79348D9C25AC9F0E0035246A /* HomeViewController */ = {
			isa = PBXGroup;
			children = (
				790516AD2590D97300B9E3DA /* HomeViewController.swift */,
				7905172125A15E2100B9E3DA /* HomeViewModel.swift */,
			);
			path = HomeViewController;
			sourceTree = "<group>";
		};
		79348D9E25AC9F380035246A /* MainTabBarViewController */ = {
			isa = PBXGroup;
			children = (
				790516AB2590D69300B9E3DA /* MainTabBarController.swift */,
				7905171E25A1283C00B9E3DA /* MainTabBarViewModel.swift */,
			);
			path = MainTabBarViewController;
			sourceTree = "<group>";
		};
		79348DA125AC9F920035246A /* PersonalInfo */ = {
			isa = PBXGroup;
			children = (
				790516CA2592BCE600B9E3DA /* PersonalInfoViewController.swift */,
				79715C2525AA537B0028E9B9 /* PersonalInfoViewModel.swift */,
			);
			path = PersonalInfo;
			sourceTree = "<group>";
		};
		79348DA325AC9FA00035246A /* CreditCards */ = {
			isa = PBXGroup;
			children = (
				7905171725A0C63C00B9E3DA /* CreditCardsViewController.swift */,
			);
			path = CreditCards;
			sourceTree = "<group>";
		};
		79469AE025A4E9F200ECC90B /* Services */ = {
			isa = PBXGroup;
			children = (
				79469ADD25A4E9A300ECC90B /* ServicesContainer.swift */,
				79B0226C25AE0D5100BBBE12 /* GlobalStateStorage.swift */,
				7920481525BDF218000D0EE1 /* WeatherService.swift */,
				79B0229525AE21F800BBBE12 /* Formatting */,
				79B0224C25AE045500BBBE12 /* Networking */,
				79B0224625AE03A400BBBE12 /* Location */,
				79469AF225A5041700ECC90B /* Authentication */,
			);
			path = Services;
			sourceTree = "<group>";
		};
		79469AF225A5041700ECC90B /* Authentication */ = {
			isa = PBXGroup;
			children = (
				79469AE125A4EA1400ECC90B /* UserSession.swift */,
				79469AF725A5043A00ECC90B /* User.swift */,
				79469AF325A5042E00ECC90B /* AccessToken.swift */,
				79469AEB25A4F60A00ECC90B /* KeyChain.swift */,
				79469AEF25A4F75C00ECC90B /* Obfuscator.swift */,
			);
			path = Authentication;
			sourceTree = "<group>";
		};
		79469B3D25A8E35400ECC90B /* FirstNameViewController */ = {
			isa = PBXGroup;
			children = (
				79469B3E25A8E39900ECC90B /* FirstNameViewController.swift */,
				79469B4525A8F7DB00ECC90B /* FirstNameViewModel.swift */,
			);
			path = FirstNameViewController;
			sourceTree = "<group>";
		};
		79469B4E25A9006E00ECC90B /* LastNameViewController */ = {
			isa = PBXGroup;
			children = (
				79469B4225A8E3AF00ECC90B /* LastNameViewController.swift */,
				79469B4825A8F7E900ECC90B /* LastNameViewModel.swift */,
			);
			path = LastNameViewController;
			sourceTree = "<group>";
		};
		79469B4F25A9009300ECC90B /* FinalStepViewController */ = {
			isa = PBXGroup;
			children = (
				790516B72590E34700B9E3DA /* AuthViewController.swift */,
				79686D6225A25385008CF481 /* AuthViewModel.swift */,
			);
			path = FinalStepViewController;
			sourceTree = "<group>";
		};
		79469B5225A900D100ECC90B /* WeatherViewController */ = {
			isa = PBXGroup;
			children = (
				79B0227925AE172900BBBE12 /* WeatherSceneViewController.swift */,
				79B0227B25AE172900BBBE12 /* WeatherSceneViewModel.swift */,
				79B0227C25AE172900BBBE12 /* WeatherSceneState.swift */,
			);
			path = WeatherViewController;
			sourceTree = "<group>";
		};
		79563DE625AF8E7D00636F91 /* RequestAdapters */ = {
			isa = PBXGroup;
			children = (
				79B022A525AE7A7500BBBE12 /* RequestHeaderAdapter.swift */,
				79563DE825AF8F1300636F91 /* RequestParametersAdapter.swift */,
			);
			path = RequestAdapters;
			sourceTree = "<group>";
		};
		79B0224625AE03A400BBBE12 /* Location */ = {
			isa = PBXGroup;
			children = (
				79B0224725AE044400BBBE12 /* CLLocationManager+Rx.swift */,
				79B0224825AE044400BBBE12 /* LocationService.swift */,
			);
			path = Location;
			sourceTree = "<group>";
		};
		79B0224C25AE045500BBBE12 /* Networking */ = {
			isa = PBXGroup;
			children = (
				79F05BF525B33F3400E21283 /* TokenRecovering.swift */,
				79B0224D25AE048200BBBE12 /* BaseNetworkClient.swift */,
				79B0225625AE058400BBBE12 /* URLSession+Rx.swift */,
				79B0224F25AE048200BBBE12 /* WeatherApi.swift */,
				79B0226425AE082400BBBE12 /* Reachability.swift */,
				79B022A825AE811B00BBBE12 /* RequestBuilder.swift */,
				79563DEB25AF8FBB00636F91 /* HTTPMethod.swift */,
				792CA1A625B494ED00924F2F /* CustomJSONDecoder.swift */,
				79563DE625AF8E7D00636F91 /* RequestAdapters */,
			);
			path = Networking;
			sourceTree = "<group>";
		};
		79B0225425AE051100BBBE12 /* Extensions+Rx */ = {
			isa = PBXGroup;
			children = (
				79B0225725AE058400BBBE12 /* OptionalUnwrap+Rx.swift */,
				79B0225525AE058400BBBE12 /* UIViewController+Rx.swift */,
			);
			path = "Extensions+Rx";
			sourceTree = "<group>";
		};
		79B0226025AE067E00BBBE12 /* Protocols */ = {
			isa = PBXGroup;
			children = (
				790516A62590D4BF00B9E3DA /* CoordinatorType.swift */,
				79B0227625AE16C800BBBE12 /* StateContentFormattable.swift */,
				790516B32590DAD600B9E3DA /* Instantiatable.swift */,
				79563DDC25AF858000636F91 /* RequestHeaderAdaptable.swift */,
				7903295E25BC8D9800E27266 /* BindableType.swift */,
			);
			path = Protocols;
			sourceTree = "<group>";
		};
		79B0226825AE084900BBBE12 /* Models */ = {
			isa = PBXGroup;
			children = (
				79B0224E25AE048200BBBE12 /* Weather.swift */,
			);
			path = Models;
			sourceTree = "<group>";
		};
		79B0228C25AE20E000BBBE12 /* Tabs */ = {
			isa = PBXGroup;
			children = (
				790516CC2592BD1700B9E3DA /* HomeTab */,
				790516CD2592BDD800B9E3DA /* FeedTab */,
			);
			path = Tabs;
			sourceTree = "<group>";
		};
		79B0228D25AE212000BBBE12 /* BaseClasses */ = {
			isa = PBXGroup;
			children = (
				790516FA25956F8C00B9E3DA /* Coordinator.swift */,
				79051711259980A600B9E3DA /* ViewController.swift */,
			);
			path = BaseClasses;
			sourceTree = "<group>";
		};
		79B0229525AE21F800BBBE12 /* Formatting */ = {
			isa = PBXGroup;
			children = (
				79B0229825AE227600BBBE12 /* FormattingService.swift */,
				79B0226B25AE0D5100BBBE12 /* MainSceneStateFormatting.swift */,
			);
			path = Formatting;
			sourceTree = "<group>";
		};
/* End PBXGroup section */

/* Begin PBXNativeTarget section */
		7905168A2590C4C100B9E3DA /* MyCoordinatorsTemplate */ = {
			isa = PBXNativeTarget;
			buildConfigurationList = 7905169F2590C4C300B9E3DA /* Build configuration list for PBXNativeTarget "MyCoordinatorsTemplate" */;
			buildPhases = (
				790516872590C4C100B9E3DA /* Sources */,
				790516882590C4C100B9E3DA /* Frameworks */,
				790516892590C4C100B9E3DA /* Resources */,
			);
			buildRules = (
			);
			dependencies = (
			);
			name = MyCoordinatorsTemplate;
			packageProductDependencies = (
				79B0223B25ADFEB300BBBE12 /* RxCocoa */,
				79B0223D25ADFEB300BBBE12 /* RxSwift */,
			);
			productName = MyCoordinatorsTemplate;
			productReference = 7905168B2590C4C100B9E3DA /* MyCoordinatorsTemplate.app */;
			productType = "com.apple.product-type.application";
		};
/* End PBXNativeTarget section */

/* Begin PBXProject section */
		790516832590C4C100B9E3DA /* Project object */ = {
			isa = PBXProject;
			attributes = {
				LastSwiftUpdateCheck = 1120;
				LastUpgradeCheck = 1210;
				ORGANIZATIONNAME = "Danyl Timofeyev";
				TargetAttributes = {
					7905168A2590C4C100B9E3DA = {
						CreatedOnToolsVersion = 11.2.1;
					};
				};
			};
			buildConfigurationList = 790516862590C4C100B9E3DA /* Build configuration list for PBXProject "MyCoordinatorsTemplate" */;
			compatibilityVersion = "Xcode 9.3";
			developmentRegion = en;
			hasScannedForEncodings = 0;
			knownRegions = (
				en,
				Base,
			);
			mainGroup = 790516822590C4C100B9E3DA;
			packageReferences = (
				79B0223A25ADFEB300BBBE12 /* XCRemoteSwiftPackageReference "RxSwift" */,
			);
			productRefGroup = 7905168C2590C4C100B9E3DA /* Products */;
			projectDirPath = "";
			projectRoot = "";
			targets = (
				7905168A2590C4C100B9E3DA /* MyCoordinatorsTemplate */,
			);
		};
/* End PBXProject section */

/* Begin PBXResourcesBuildPhase section */
		790516892590C4C100B9E3DA /* Resources */ = {
			isa = PBXResourcesBuildPhase;
			buildActionMask = 2147483647;
			files = (
				790516D32592BEEC00B9E3DA /* Content.storyboard in Resources */,
				790516D12592BED800B9E3DA /* Auth.storyboard in Resources */,
				790516A92590D58000B9E3DA /* Weather.storyboard in Resources */,
				790516D52592BEF700B9E3DA /* Home.storyboard in Resources */,
				7905169B2590C4C300B9E3DA /* LaunchScreen.storyboard in Resources */,
				790516D92592BF4B00B9E3DA /* Profile.storyboard in Resources */,
				790516982590C4C300B9E3DA /* Assets.xcassets in Resources */,
			);
			runOnlyForDeploymentPostprocessing = 0;
		};
/* End PBXResourcesBuildPhase section */

/* Begin PBXSourcesBuildPhase section */
		790516872590C4C100B9E3DA /* Sources */ = {
			isa = PBXSourcesBuildPhase;
			buildActionMask = 2147483647;
			files = (
				79469B5925AA0B8900ECC90B /* UIViewController+Extensions.swift in Sources */,
				79B0227725AE16C800BBBE12 /* StateContentFormattable.swift in Sources */,
				79469B4325A8E3AF00ECC90B /* LastNameViewController.swift in Sources */,
				79051712259980A600B9E3DA /* ViewController.swift in Sources */,
				790516AE2590D97300B9E3DA /* HomeViewController.swift in Sources */,
				790516C325925A2D00B9E3DA /* AuthCoordinator.swift in Sources */,
				79B0226E25AE0D5100BBBE12 /* GlobalStateStorage.swift in Sources */,
				790516A72590D4BF00B9E3DA /* CoordinatorType.swift in Sources */,
				79469ADA25A4DDF300ECC90B /* UIApplication+Extensions.swift in Sources */,
				7920481625BDF218000D0EE1 /* WeatherService.swift in Sources */,
				790516AC2590D69300B9E3DA /* MainTabBarController.swift in Sources */,
				79A07B3125C9ACC2000A12A5 /* Constants.swift in Sources */,
				79B0227F25AE172A00BBBE12 /* WeatherSceneViewModel.swift in Sources */,
				79B0227D25AE172A00BBBE12 /* WeatherSceneViewController.swift in Sources */,
				7905171F25A1283C00B9E3DA /* MainTabBarViewModel.swift in Sources */,
				79469ADE25A4E9A300ECC90B /* ServicesContainer.swift in Sources */,
				79B0225825AE058400BBBE12 /* UIViewController+Rx.swift in Sources */,
				790516CB2592BCE600B9E3DA /* PersonalInfoViewController.swift in Sources */,
				7905168F2590C4C100B9E3DA /* AppDelegate.swift in Sources */,
				79469AE225A4EA1400ECC90B /* UserSession.swift in Sources */,
				790516FB25956F8C00B9E3DA /* Coordinator.swift in Sources */,
				79469AF025A4F75C00ECC90B /* Obfuscator.swift in Sources */,
				79563DE925AF8F1300636F91 /* RequestParametersAdapter.swift in Sources */,
				79469B4625A8F7DB00ECC90B /* FirstNameViewModel.swift in Sources */,
				79715C2625AA537B0028E9B9 /* PersonalInfoViewModel.swift in Sources */,
				79B0226525AE082400BBBE12 /* Reachability.swift in Sources */,
				79469AF425A5042E00ECC90B /* AccessToken.swift in Sources */,
				790516F72595182400B9E3DA /* Logger.swift in Sources */,
				790516C125925A1500B9E3DA /* ProfileCoordinator.swift in Sources */,
				79469B4925A8F7E900ECC90B /* LastNameViewModel.swift in Sources */,
				792CA1A725B494ED00924F2F /* CustomJSONDecoder.swift in Sources */,
				79B022A625AE7A7500BBBE12 /* RequestHeaderAdapter.swift in Sources */,
				79686D6325A25385008CF481 /* AuthViewModel.swift in Sources */,
				79563DDD25AF858000636F91 /* RequestHeaderAdaptable.swift in Sources */,
				79686D6B25A2B701008CF481 /* WeatherLobbyViewModel.swift in Sources */,
				790516F225942D3B00B9E3DA /* MainTabBarCoordinator.swift in Sources */,
				79B022A925AE811B00BBBE12 /* RequestBuilder.swift in Sources */,
				79B0229925AE227600BBBE12 /* FormattingService.swift in Sources */,
				79B0225D25AE05E900BBBE12 /* ApplicationErrors.swift in Sources */,
				79B0225025AE048200BBBE12 /* BaseNetworkClient.swift in Sources */,
				79B0225A25AE058400BBBE12 /* OptionalUnwrap+Rx.swift in Sources */,
				7905172225A15E2100B9E3DA /* HomeViewModel.swift in Sources */,
				790516F9259538C500B9E3DA /* String+Extensions.swift in Sources */,
				79B0224A25AE044400BBBE12 /* LocationService.swift in Sources */,
				790516B02590D99C00B9E3DA /* WeatherLobbyController.swift in Sources */,
				79469B3F25A8E39900ECC90B /* FirstNameViewController.swift in Sources */,
				7905171825A0C63C00B9E3DA /* CreditCardsViewController.swift in Sources */,
				7905170B2597E06300B9E3DA /* UITabBarController+Extensions.swift in Sources */,
				79B0228025AE172A00BBBE12 /* WeatherSceneState.swift in Sources */,
				79348D8125ABD7A90035246A /* NavigationControllerFactory.swift in Sources */,
				79469AF825A5043A00ECC90B /* User.swift in Sources */,
				790516912590C4C100B9E3DA /* SceneDelegate.swift in Sources */,
				79B0228425AE18B100BBBE12 /* Utils.swift in Sources */,
				790516B62590E31F00B9E3DA /* ProfileViewController.swift in Sources */,
				790516BF2590ECB400B9E3DA /* WeatherCoordinator.swift in Sources */,
				79B0229025AE218A00BBBE12 /* StoryboardNames.swift in Sources */,
				79469AEC25A4F60A00ECC90B /* KeyChain.swift in Sources */,
				79563DEC25AF8FBB00636F91 /* HTTPMethod.swift in Sources */,
				79686D5C25A24EA8008CF481 /* ProfileViewModel.swift in Sources */,
				79B0225225AE048200BBBE12 /* WeatherApi.swift in Sources */,
				79B0225125AE048200BBBE12 /* Weather.swift in Sources */,
				79F05BF625B33F3400E21283 /* TokenRecovering.swift in Sources */,
				790516B82590E34700B9E3DA /* AuthViewController.swift in Sources */,
				790516B42590DAD600B9E3DA /* Instantiatable.swift in Sources */,
				7903295F25BC8D9800E27266 /* BindableType.swift in Sources */,
				799107AD25ACA564003FC014 /* TabBarIcons.swift in Sources */,
				790516BD2590E86F00B9E3DA /* HomeCoordinator.swift in Sources */,
				79B0224925AE044400BBBE12 /* CLLocationManager+Rx.swift in Sources */,
				79B0225925AE058400BBBE12 /* URLSession+Rx.swift in Sources */,
				79B0226D25AE0D5100BBBE12 /* MainSceneStateFormatting.swift in Sources */,
				790516DC2592C38000B9E3DA /* ApplicationCoordinator.swift in Sources */,
			);
			runOnlyForDeploymentPostprocessing = 0;
		};
/* End PBXSourcesBuildPhase section */

/* Begin PBXVariantGroup section */
		790516992590C4C300B9E3DA /* LaunchScreen.storyboard */ = {
			isa = PBXVariantGroup;
			children = (
				7905169A2590C4C300B9E3DA /* Base */,
			);
			name = LaunchScreen.storyboard;
			sourceTree = "<group>";
		};
/* End PBXVariantGroup section */

/* Begin XCBuildConfiguration section */
		7905169D2590C4C300B9E3DA /* Debug */ = {
			isa = XCBuildConfiguration;
			buildSettings = {
				ALWAYS_SEARCH_USER_PATHS = NO;
				CLANG_ANALYZER_NONNULL = YES;
				CLANG_ANALYZER_NUMBER_OBJECT_CONVERSION = YES_AGGRESSIVE;
				CLANG_CXX_LANGUAGE_STANDARD = "gnu++14";
				CLANG_CXX_LIBRARY = "libc++";
				CLANG_ENABLE_MODULES = YES;
				CLANG_ENABLE_OBJC_ARC = YES;
				CLANG_ENABLE_OBJC_WEAK = YES;
				CLANG_WARN_BLOCK_CAPTURE_AUTORELEASING = YES;
				CLANG_WARN_BOOL_CONVERSION = YES;
				CLANG_WARN_COMMA = YES;
				CLANG_WARN_CONSTANT_CONVERSION = YES;
				CLANG_WARN_DEPRECATED_OBJC_IMPLEMENTATIONS = YES;
				CLANG_WARN_DIRECT_OBJC_ISA_USAGE = YES_ERROR;
				CLANG_WARN_DOCUMENTATION_COMMENTS = YES;
				CLANG_WARN_EMPTY_BODY = YES;
				CLANG_WARN_ENUM_CONVERSION = YES;
				CLANG_WARN_INFINITE_RECURSION = YES;
				CLANG_WARN_INT_CONVERSION = YES;
				CLANG_WARN_NON_LITERAL_NULL_CONVERSION = YES;
				CLANG_WARN_OBJC_IMPLICIT_RETAIN_SELF = YES;
				CLANG_WARN_OBJC_LITERAL_CONVERSION = YES;
				CLANG_WARN_OBJC_ROOT_CLASS = YES_ERROR;
				CLANG_WARN_QUOTED_INCLUDE_IN_FRAMEWORK_HEADER = YES;
				CLANG_WARN_RANGE_LOOP_ANALYSIS = YES;
				CLANG_WARN_STRICT_PROTOTYPES = YES;
				CLANG_WARN_SUSPICIOUS_MOVE = YES;
				CLANG_WARN_UNGUARDED_AVAILABILITY = YES_AGGRESSIVE;
				CLANG_WARN_UNREACHABLE_CODE = YES;
				CLANG_WARN__DUPLICATE_METHOD_MATCH = YES;
				COPY_PHASE_STRIP = NO;
				DEBUG_INFORMATION_FORMAT = dwarf;
				ENABLE_STRICT_OBJC_MSGSEND = YES;
				ENABLE_TESTABILITY = YES;
				GCC_C_LANGUAGE_STANDARD = gnu11;
				GCC_DYNAMIC_NO_PIC = NO;
				GCC_NO_COMMON_BLOCKS = YES;
				GCC_OPTIMIZATION_LEVEL = 0;
				GCC_PREPROCESSOR_DEFINITIONS = (
					"DEBUG=1",
					"$(inherited)",
				);
				GCC_WARN_64_TO_32_BIT_CONVERSION = YES;
				GCC_WARN_ABOUT_RETURN_TYPE = YES_ERROR;
				GCC_WARN_UNDECLARED_SELECTOR = YES;
				GCC_WARN_UNINITIALIZED_AUTOS = YES_AGGRESSIVE;
				GCC_WARN_UNUSED_FUNCTION = YES;
				GCC_WARN_UNUSED_VARIABLE = YES;
				IPHONEOS_DEPLOYMENT_TARGET = 13.2;
				MTL_ENABLE_DEBUG_INFO = INCLUDE_SOURCE;
				MTL_FAST_MATH = YES;
				ONLY_ACTIVE_ARCH = YES;
				SDKROOT = iphoneos;
				SWIFT_ACTIVE_COMPILATION_CONDITIONS = DEBUG;
				SWIFT_OPTIMIZATION_LEVEL = "-Onone";
			};
			name = Debug;
		};
		7905169E2590C4C300B9E3DA /* Release */ = {
			isa = XCBuildConfiguration;
			buildSettings = {
				ALWAYS_SEARCH_USER_PATHS = NO;
				CLANG_ANALYZER_NONNULL = YES;
				CLANG_ANALYZER_NUMBER_OBJECT_CONVERSION = YES_AGGRESSIVE;
				CLANG_CXX_LANGUAGE_STANDARD = "gnu++14";
				CLANG_CXX_LIBRARY = "libc++";
				CLANG_ENABLE_MODULES = YES;
				CLANG_ENABLE_OBJC_ARC = YES;
				CLANG_ENABLE_OBJC_WEAK = YES;
				CLANG_WARN_BLOCK_CAPTURE_AUTORELEASING = YES;
				CLANG_WARN_BOOL_CONVERSION = YES;
				CLANG_WARN_COMMA = YES;
				CLANG_WARN_CONSTANT_CONVERSION = YES;
				CLANG_WARN_DEPRECATED_OBJC_IMPLEMENTATIONS = YES;
				CLANG_WARN_DIRECT_OBJC_ISA_USAGE = YES_ERROR;
				CLANG_WARN_DOCUMENTATION_COMMENTS = YES;
				CLANG_WARN_EMPTY_BODY = YES;
				CLANG_WARN_ENUM_CONVERSION = YES;
				CLANG_WARN_INFINITE_RECURSION = YES;
				CLANG_WARN_INT_CONVERSION = YES;
				CLANG_WARN_NON_LITERAL_NULL_CONVERSION = YES;
				CLANG_WARN_OBJC_IMPLICIT_RETAIN_SELF = YES;
				CLANG_WARN_OBJC_LITERAL_CONVERSION = YES;
				CLANG_WARN_OBJC_ROOT_CLASS = YES_ERROR;
				CLANG_WARN_QUOTED_INCLUDE_IN_FRAMEWORK_HEADER = YES;
				CLANG_WARN_RANGE_LOOP_ANALYSIS = YES;
				CLANG_WARN_STRICT_PROTOTYPES = YES;
				CLANG_WARN_SUSPICIOUS_MOVE = YES;
				CLANG_WARN_UNGUARDED_AVAILABILITY = YES_AGGRESSIVE;
				CLANG_WARN_UNREACHABLE_CODE = YES;
				CLANG_WARN__DUPLICATE_METHOD_MATCH = YES;
				COPY_PHASE_STRIP = NO;
				DEBUG_INFORMATION_FORMAT = "dwarf-with-dsym";
				ENABLE_NS_ASSERTIONS = NO;
				ENABLE_STRICT_OBJC_MSGSEND = YES;
				GCC_C_LANGUAGE_STANDARD = gnu11;
				GCC_NO_COMMON_BLOCKS = YES;
				GCC_WARN_64_TO_32_BIT_CONVERSION = YES;
				GCC_WARN_ABOUT_RETURN_TYPE = YES_ERROR;
				GCC_WARN_UNDECLARED_SELECTOR = YES;
				GCC_WARN_UNINITIALIZED_AUTOS = YES_AGGRESSIVE;
				GCC_WARN_UNUSED_FUNCTION = YES;
				GCC_WARN_UNUSED_VARIABLE = YES;
				IPHONEOS_DEPLOYMENT_TARGET = 13.2;
				MTL_ENABLE_DEBUG_INFO = NO;
				MTL_FAST_MATH = YES;
				SDKROOT = iphoneos;
				SWIFT_COMPILATION_MODE = wholemodule;
				SWIFT_OPTIMIZATION_LEVEL = "-O";
				VALIDATE_PRODUCT = YES;
			};
			name = Release;
		};
		790516A02590C4C300B9E3DA /* Debug */ = {
			isa = XCBuildConfiguration;
			buildSettings = {
				ASSETCATALOG_COMPILER_APPICON_NAME = AppIcon;
				CODE_SIGN_STYLE = Automatic;
				DEVELOPMENT_TEAM = C23K8VGFDE;
				INFOPLIST_FILE = MyCoordinatorsTemplate/Application/Info.plist;
				LD_RUNPATH_SEARCH_PATHS = (
					"$(inherited)",
					"@executable_path/Frameworks",
				);
				PRODUCT_BUNDLE_IDENTIFIER = com.idanyl.MyCoordinatorsTemplate;
				PRODUCT_NAME = "$(TARGET_NAME)";
				SWIFT_VERSION = 5.0;
				TARGETED_DEVICE_FAMILY = "1,2";
			};
			name = Debug;
		};
		790516A12590C4C300B9E3DA /* Release */ = {
			isa = XCBuildConfiguration;
			buildSettings = {
				ASSETCATALOG_COMPILER_APPICON_NAME = AppIcon;
				CODE_SIGN_STYLE = Automatic;
				DEVELOPMENT_TEAM = C23K8VGFDE;
				INFOPLIST_FILE = MyCoordinatorsTemplate/Application/Info.plist;
				LD_RUNPATH_SEARCH_PATHS = (
					"$(inherited)",
					"@executable_path/Frameworks",
				);
				PRODUCT_BUNDLE_IDENTIFIER = com.idanyl.MyCoordinatorsTemplate;
				PRODUCT_NAME = "$(TARGET_NAME)";
				SWIFT_VERSION = 5.0;
				TARGETED_DEVICE_FAMILY = "1,2";
			};
			name = Release;
		};
/* End XCBuildConfiguration section */

/* Begin XCConfigurationList section */
		790516862590C4C100B9E3DA /* Build configuration list for PBXProject "MyCoordinatorsTemplate" */ = {
			isa = XCConfigurationList;
			buildConfigurations = (
				7905169D2590C4C300B9E3DA /* Debug */,
				7905169E2590C4C300B9E3DA /* Release */,
			);
			defaultConfigurationIsVisible = 0;
			defaultConfigurationName = Release;
		};
		7905169F2590C4C300B9E3DA /* Build configuration list for PBXNativeTarget "MyCoordinatorsTemplate" */ = {
			isa = XCConfigurationList;
			buildConfigurations = (
				790516A02590C4C300B9E3DA /* Debug */,
				790516A12590C4C300B9E3DA /* Release */,
			);
			defaultConfigurationIsVisible = 0;
			defaultConfigurationName = Release;
		};
/* End XCConfigurationList section */

/* Begin XCRemoteSwiftPackageReference section */
		79B0223A25ADFEB300BBBE12 /* XCRemoteSwiftPackageReference "RxSwift" */ = {
			isa = XCRemoteSwiftPackageReference;
			repositoryURL = "https://github.com/ReactiveX/RxSwift";
			requirement = {
				kind = upToNextMajorVersion;
				minimumVersion = 6.0.0;
			};
		};
/* End XCRemoteSwiftPackageReference section */

/* Begin XCSwiftPackageProductDependency section */
		79B0223B25ADFEB300BBBE12 /* RxCocoa */ = {
			isa = XCSwiftPackageProductDependency;
			package = 79B0223A25ADFEB300BBBE12 /* XCRemoteSwiftPackageReference "RxSwift" */;
			productName = RxCocoa;
		};
		79B0223D25ADFEB300BBBE12 /* RxSwift */ = {
			isa = XCSwiftPackageProductDependency;
			package = 79B0223A25ADFEB300BBBE12 /* XCRemoteSwiftPackageReference "RxSwift" */;
			productName = RxSwift;
		};
/* End XCSwiftPackageProductDependency section */
	};
	rootObject = 790516832590C4C100B9E3DA /* Project object */;
}
