// !$*UTF8*$!
{
	archiveVersion = 1;
	classes = {
	};
	objectVersion = 50;
	objects = {

/* Begin PBXBuildFile section */
		7905168F2590C4C100B9E3DA /* AppDelegate.swift in Sources */ = {isa = PBXBuildFile; fileRef = 7905168E2590C4C100B9E3DA /* AppDelegate.swift */; };
		790516912590C4C100B9E3DA /* SceneDelegate.swift in Sources */ = {isa = PBXBuildFile; fileRef = 790516902590C4C100B9E3DA /* SceneDelegate.swift */; };
		790516982590C4C300B9E3DA /* Assets.xcassets in Resources */ = {isa = PBXBuildFile; fileRef = 790516972590C4C300B9E3DA /* Assets.xcassets */; };
		7905169B2590C4C300B9E3DA /* LaunchScreen.storyboard in Resources */ = {isa = PBXBuildFile; fileRef = 790516992590C4C300B9E3DA /* LaunchScreen.storyboard */; };
		790516A72590D4BF00B9E3DA /* CoordinatorProtocol.swift in Sources */ = {isa = PBXBuildFile; fileRef = 790516A62590D4BF00B9E3DA /* CoordinatorProtocol.swift */; };
		790516A92590D58000B9E3DA /* Feed.storyboard in Resources */ = {isa = PBXBuildFile; fileRef = 790516A82590D58000B9E3DA /* Feed.storyboard */; };
		790516AC2590D69300B9E3DA /* MainTabBarController.swift in Sources */ = {isa = PBXBuildFile; fileRef = 790516AB2590D69300B9E3DA /* MainTabBarController.swift */; };
		790516AE2590D97300B9E3DA /* HomeViewController.swift in Sources */ = {isa = PBXBuildFile; fileRef = 790516AD2590D97300B9E3DA /* HomeViewController.swift */; };
		790516B02590D99C00B9E3DA /* FeedViewController.swift in Sources */ = {isa = PBXBuildFile; fileRef = 790516AF2590D99C00B9E3DA /* FeedViewController.swift */; };
		790516B42590DAD600B9E3DA /* Storyboarded.swift in Sources */ = {isa = PBXBuildFile; fileRef = 790516B32590DAD600B9E3DA /* Storyboarded.swift */; };
		790516B62590E31F00B9E3DA /* ProfileViewController.swift in Sources */ = {isa = PBXBuildFile; fileRef = 790516B52590E31F00B9E3DA /* ProfileViewController.swift */; };
		790516B82590E34700B9E3DA /* AuthViewController.swift in Sources */ = {isa = PBXBuildFile; fileRef = 790516B72590E34700B9E3DA /* AuthViewController.swift */; };
		790516BD2590E86F00B9E3DA /* HomeCoordinator.swift in Sources */ = {isa = PBXBuildFile; fileRef = 790516BC2590E86F00B9E3DA /* HomeCoordinator.swift */; };
		790516BF2590ECB400B9E3DA /* FeedCoordinator.swift in Sources */ = {isa = PBXBuildFile; fileRef = 790516BE2590ECB400B9E3DA /* FeedCoordinator.swift */; };
		790516C125925A1500B9E3DA /* ProfileCoordinator.swift in Sources */ = {isa = PBXBuildFile; fileRef = 790516C025925A1500B9E3DA /* ProfileCoordinator.swift */; };
		790516C325925A2D00B9E3DA /* AuthCoordinator.swift in Sources */ = {isa = PBXBuildFile; fileRef = 790516C225925A2D00B9E3DA /* AuthCoordinator.swift */; };
		790516C52592859600B9E3DA /* DraggableViewController.swift in Sources */ = {isa = PBXBuildFile; fileRef = 790516C42592859600B9E3DA /* DraggableViewController.swift */; };
		790516CB2592BCE600B9E3DA /* PersonalInfoViewController.swift in Sources */ = {isa = PBXBuildFile; fileRef = 790516CA2592BCE600B9E3DA /* PersonalInfoViewController.swift */; };
		790516D12592BED800B9E3DA /* Auth.storyboard in Resources */ = {isa = PBXBuildFile; fileRef = 790516D02592BED800B9E3DA /* Auth.storyboard */; };
		790516D32592BEEC00B9E3DA /* Content.storyboard in Resources */ = {isa = PBXBuildFile; fileRef = 790516D22592BEEC00B9E3DA /* Content.storyboard */; };
		790516D52592BEF700B9E3DA /* Home.storyboard in Resources */ = {isa = PBXBuildFile; fileRef = 790516D42592BEF700B9E3DA /* Home.storyboard */; };
		790516D92592BF4B00B9E3DA /* Profile.storyboard in Resources */ = {isa = PBXBuildFile; fileRef = 790516D82592BF4B00B9E3DA /* Profile.storyboard */; };
		790516DC2592C38000B9E3DA /* ApplicationCoordinator.swift in Sources */ = {isa = PBXBuildFile; fileRef = 790516DB2592C38000B9E3DA /* ApplicationCoordinator.swift */; };
		790516E32593937F00B9E3DA /* NavigationControllable.swift in Sources */ = {isa = PBXBuildFile; fileRef = 790516E22593937F00B9E3DA /* NavigationControllable.swift */; };
		790516E5259393A400B9E3DA /* ParentCoordinatable.swift in Sources */ = {isa = PBXBuildFile; fileRef = 790516E4259393A400B9E3DA /* ParentCoordinatable.swift */; };
		790516E7259393C900B9E3DA /* ChildCoordinatable.swift in Sources */ = {isa = PBXBuildFile; fileRef = 790516E6259393C900B9E3DA /* ChildCoordinatable.swift */; };
		790516E9259393F800B9E3DA /* Rootable.swift in Sources */ = {isa = PBXBuildFile; fileRef = 790516E8259393F800B9E3DA /* Rootable.swift */; };
		790516EB2593944400B9E3DA /* Dismissable.swift in Sources */ = {isa = PBXBuildFile; fileRef = 790516EA2593944400B9E3DA /* Dismissable.swift */; };
		790516ED2593948B00B9E3DA /* PresentationType.swift in Sources */ = {isa = PBXBuildFile; fileRef = 790516EC2593948B00B9E3DA /* PresentationType.swift */; };
		790516F0259413CE00B9E3DA /* TabBarControllable.swift in Sources */ = {isa = PBXBuildFile; fileRef = 790516EF259413CE00B9E3DA /* TabBarControllable.swift */; };
		790516F225942D3B00B9E3DA /* TabBarContentCoordinator.swift in Sources */ = {isa = PBXBuildFile; fileRef = 790516F125942D3B00B9E3DA /* TabBarContentCoordinator.swift */; };
		790516F42594329F00B9E3DA /* Storyboard.swift in Sources */ = {isa = PBXBuildFile; fileRef = 790516F32594329F00B9E3DA /* Storyboard.swift */; };
		790516F72595182400B9E3DA /* Logger.swift in Sources */ = {isa = PBXBuildFile; fileRef = 790516F62595182400B9E3DA /* Logger.swift */; };
/* End PBXBuildFile section */

/* Begin PBXFileReference section */
		7905168B2590C4C100B9E3DA /* MyCoordinatorsTemplate.app */ = {isa = PBXFileReference; explicitFileType = wrapper.application; includeInIndex = 0; path = MyCoordinatorsTemplate.app; sourceTree = BUILT_PRODUCTS_DIR; };
		7905168E2590C4C100B9E3DA /* AppDelegate.swift */ = {isa = PBXFileReference; lastKnownFileType = sourcecode.swift; path = AppDelegate.swift; sourceTree = "<group>"; };
		790516902590C4C100B9E3DA /* SceneDelegate.swift */ = {isa = PBXFileReference; lastKnownFileType = sourcecode.swift; path = SceneDelegate.swift; sourceTree = "<group>"; };
		790516972590C4C300B9E3DA /* Assets.xcassets */ = {isa = PBXFileReference; lastKnownFileType = folder.assetcatalog; path = Assets.xcassets; sourceTree = "<group>"; };
		7905169A2590C4C300B9E3DA /* Base */ = {isa = PBXFileReference; lastKnownFileType = file.storyboard; name = Base; path = Base.lproj/LaunchScreen.storyboard; sourceTree = "<group>"; };
		7905169C2590C4C300B9E3DA /* Info.plist */ = {isa = PBXFileReference; lastKnownFileType = text.plist.xml; path = Info.plist; sourceTree = "<group>"; };
		790516A62590D4BF00B9E3DA /* CoordinatorProtocol.swift */ = {isa = PBXFileReference; lastKnownFileType = sourcecode.swift; path = CoordinatorProtocol.swift; sourceTree = "<group>"; };
		790516A82590D58000B9E3DA /* Feed.storyboard */ = {isa = PBXFileReference; lastKnownFileType = file.storyboard; path = Feed.storyboard; sourceTree = "<group>"; };
		790516AB2590D69300B9E3DA /* MainTabBarController.swift */ = {isa = PBXFileReference; lastKnownFileType = sourcecode.swift; path = MainTabBarController.swift; sourceTree = "<group>"; };
		790516AD2590D97300B9E3DA /* HomeViewController.swift */ = {isa = PBXFileReference; lastKnownFileType = sourcecode.swift; path = HomeViewController.swift; sourceTree = "<group>"; };
		790516AF2590D99C00B9E3DA /* FeedViewController.swift */ = {isa = PBXFileReference; lastKnownFileType = sourcecode.swift; path = FeedViewController.swift; sourceTree = "<group>"; };
		790516B32590DAD600B9E3DA /* Storyboarded.swift */ = {isa = PBXFileReference; lastKnownFileType = sourcecode.swift; path = Storyboarded.swift; sourceTree = "<group>"; };
		790516B52590E31F00B9E3DA /* ProfileViewController.swift */ = {isa = PBXFileReference; lastKnownFileType = sourcecode.swift; path = ProfileViewController.swift; sourceTree = "<group>"; };
		790516B72590E34700B9E3DA /* AuthViewController.swift */ = {isa = PBXFileReference; lastKnownFileType = sourcecode.swift; path = AuthViewController.swift; sourceTree = "<group>"; };
		790516BC2590E86F00B9E3DA /* HomeCoordinator.swift */ = {isa = PBXFileReference; lastKnownFileType = sourcecode.swift; path = HomeCoordinator.swift; sourceTree = "<group>"; };
		790516BE2590ECB400B9E3DA /* FeedCoordinator.swift */ = {isa = PBXFileReference; lastKnownFileType = sourcecode.swift; path = FeedCoordinator.swift; sourceTree = "<group>"; };
		790516C025925A1500B9E3DA /* ProfileCoordinator.swift */ = {isa = PBXFileReference; lastKnownFileType = sourcecode.swift; path = ProfileCoordinator.swift; sourceTree = "<group>"; };
		790516C225925A2D00B9E3DA /* AuthCoordinator.swift */ = {isa = PBXFileReference; lastKnownFileType = sourcecode.swift; path = AuthCoordinator.swift; sourceTree = "<group>"; };
		790516C42592859600B9E3DA /* DraggableViewController.swift */ = {isa = PBXFileReference; lastKnownFileType = sourcecode.swift; path = DraggableViewController.swift; sourceTree = "<group>"; };
		790516CA2592BCE600B9E3DA /* PersonalInfoViewController.swift */ = {isa = PBXFileReference; lastKnownFileType = sourcecode.swift; path = PersonalInfoViewController.swift; sourceTree = "<group>"; };
		790516D02592BED800B9E3DA /* Auth.storyboard */ = {isa = PBXFileReference; lastKnownFileType = file.storyboard; path = Auth.storyboard; sourceTree = "<group>"; };
		790516D22592BEEC00B9E3DA /* Content.storyboard */ = {isa = PBXFileReference; lastKnownFileType = file.storyboard; path = Content.storyboard; sourceTree = "<group>"; };
		790516D42592BEF700B9E3DA /* Home.storyboard */ = {isa = PBXFileReference; lastKnownFileType = file.storyboard; path = Home.storyboard; sourceTree = "<group>"; };
		790516D82592BF4B00B9E3DA /* Profile.storyboard */ = {isa = PBXFileReference; lastKnownFileType = file.storyboard; path = Profile.storyboard; sourceTree = "<group>"; };
		790516DB2592C38000B9E3DA /* ApplicationCoordinator.swift */ = {isa = PBXFileReference; lastKnownFileType = sourcecode.swift; path = ApplicationCoordinator.swift; sourceTree = "<group>"; };
		790516E22593937F00B9E3DA /* NavigationControllable.swift */ = {isa = PBXFileReference; lastKnownFileType = sourcecode.swift; path = NavigationControllable.swift; sourceTree = "<group>"; };
		790516E4259393A400B9E3DA /* ParentCoordinatable.swift */ = {isa = PBXFileReference; lastKnownFileType = sourcecode.swift; path = ParentCoordinatable.swift; sourceTree = "<group>"; };
		790516E6259393C900B9E3DA /* ChildCoordinatable.swift */ = {isa = PBXFileReference; lastKnownFileType = sourcecode.swift; path = ChildCoordinatable.swift; sourceTree = "<group>"; };
		790516E8259393F800B9E3DA /* Rootable.swift */ = {isa = PBXFileReference; lastKnownFileType = sourcecode.swift; path = Rootable.swift; sourceTree = "<group>"; };
		790516EA2593944400B9E3DA /* Dismissable.swift */ = {isa = PBXFileReference; lastKnownFileType = sourcecode.swift; path = Dismissable.swift; sourceTree = "<group>"; };
		790516EC2593948B00B9E3DA /* PresentationType.swift */ = {isa = PBXFileReference; lastKnownFileType = sourcecode.swift; path = PresentationType.swift; sourceTree = "<group>"; };
		790516EF259413CE00B9E3DA /* TabBarControllable.swift */ = {isa = PBXFileReference; lastKnownFileType = sourcecode.swift; path = TabBarControllable.swift; sourceTree = "<group>"; };
		790516F125942D3B00B9E3DA /* TabBarContentCoordinator.swift */ = {isa = PBXFileReference; lastKnownFileType = sourcecode.swift; path = TabBarContentCoordinator.swift; sourceTree = "<group>"; };
		790516F32594329F00B9E3DA /* Storyboard.swift */ = {isa = PBXFileReference; lastKnownFileType = sourcecode.swift; path = Storyboard.swift; sourceTree = "<group>"; };
		790516F62595182400B9E3DA /* Logger.swift */ = {isa = PBXFileReference; lastKnownFileType = sourcecode.swift; path = Logger.swift; sourceTree = "<group>"; };
/* End PBXFileReference section */

/* Begin PBXFrameworksBuildPhase section */
		790516882590C4C100B9E3DA /* Frameworks */ = {
			isa = PBXFrameworksBuildPhase;
			buildActionMask = 2147483647;
			files = (
			);
			runOnlyForDeploymentPostprocessing = 0;
		};
/* End PBXFrameworksBuildPhase section */

/* Begin PBXGroup section */
		790516822590C4C100B9E3DA = {
			isa = PBXGroup;
			children = (
				7905168D2590C4C100B9E3DA /* MyCoordinatorsTemplate */,
				7905168C2590C4C100B9E3DA /* Products */,
			);
			sourceTree = "<group>";
		};
		7905168C2590C4C100B9E3DA /* Products */ = {
			isa = PBXGroup;
			children = (
				7905168B2590C4C100B9E3DA /* MyCoordinatorsTemplate.app */,
			);
			name = Products;
			sourceTree = "<group>";
		};
		7905168D2590C4C100B9E3DA /* MyCoordinatorsTemplate */ = {
			isa = PBXGroup;
			children = (
				790516F52595181700B9E3DA /* Utils */,
				790516CF2592BE2B00B9E3DA /* UI */,
				790516B12590DAB000B9E3DA /* Common */,
				790516A32590C53F00B9E3DA /* Application */,
				790516A42590C79A00B9E3DA /* Scenes */,
				790516A22590C51400B9E3DA /* Resources */,
			);
			path = MyCoordinatorsTemplate;
			sourceTree = "<group>";
		};
		790516A22590C51400B9E3DA /* Resources */ = {
			isa = PBXGroup;
			children = (
				790516972590C4C300B9E3DA /* Assets.xcassets */,
				790516992590C4C300B9E3DA /* LaunchScreen.storyboard */,
				7905169C2590C4C300B9E3DA /* Info.plist */,
			);
			path = Resources;
			sourceTree = "<group>";
		};
		790516A32590C53F00B9E3DA /* Application */ = {
			isa = PBXGroup;
			children = (
				7905168E2590C4C100B9E3DA /* AppDelegate.swift */,
				790516902590C4C100B9E3DA /* SceneDelegate.swift */,
				790516DB2592C38000B9E3DA /* ApplicationCoordinator.swift */,
			);
			path = Application;
			sourceTree = "<group>";
		};
		790516A42590C79A00B9E3DA /* Scenes */ = {
			isa = PBXGroup;
			children = (
				790516E12592CA6A00B9E3DA /* Root */,
				790516AA2590D65000B9E3DA /* Auth */,
				790516CC2592BD1700B9E3DA /* Home */,
				790516CD2592BDD800B9E3DA /* Feed */,
				790516C62592B83400B9E3DA /* Profile */,
			);
			path = Scenes;
			sourceTree = "<group>";
		};
		790516AA2590D65000B9E3DA /* Auth */ = {
			isa = PBXGroup;
			children = (
				790516B72590E34700B9E3DA /* AuthViewController.swift */,
				790516C225925A2D00B9E3DA /* AuthCoordinator.swift */,
			);
			path = Auth;
			sourceTree = "<group>";
		};
		790516B12590DAB000B9E3DA /* Common */ = {
			isa = PBXGroup;
			children = (
				790516C42592859600B9E3DA /* DraggableViewController.swift */,
				790516EC2593948B00B9E3DA /* PresentationType.swift */,
				790516B22590DABE00B9E3DA /* Protocols */,
			);
			path = Common;
			sourceTree = "<group>";
		};
		790516B22590DABE00B9E3DA /* Protocols */ = {
			isa = PBXGroup;
			children = (
				790516B32590DAD600B9E3DA /* Storyboarded.swift */,
				790516EE25940BBC00B9E3DA /* Coordinator */,
			);
			path = Protocols;
			sourceTree = "<group>";
		};
		790516C62592B83400B9E3DA /* Profile */ = {
			isa = PBXGroup;
			children = (
				790516B52590E31F00B9E3DA /* ProfileViewController.swift */,
				790516C025925A1500B9E3DA /* ProfileCoordinator.swift */,
				790516C72592B84100B9E3DA /* ProfileScenes */,
			);
			path = Profile;
			sourceTree = "<group>";
		};
		790516C72592B84100B9E3DA /* ProfileScenes */ = {
			isa = PBXGroup;
			children = (
				790516CA2592BCE600B9E3DA /* PersonalInfoViewController.swift */,
			);
			path = ProfileScenes;
			sourceTree = "<group>";
		};
		790516CC2592BD1700B9E3DA /* Home */ = {
			isa = PBXGroup;
			children = (
				790516AD2590D97300B9E3DA /* HomeViewController.swift */,
				790516BC2590E86F00B9E3DA /* HomeCoordinator.swift */,
			);
			path = Home;
			sourceTree = "<group>";
		};
		790516CD2592BDD800B9E3DA /* Feed */ = {
			isa = PBXGroup;
			children = (
				790516AF2590D99C00B9E3DA /* FeedViewController.swift */,
				790516BE2590ECB400B9E3DA /* FeedCoordinator.swift */,
			);
			path = Feed;
			sourceTree = "<group>";
		};
		790516CF2592BE2B00B9E3DA /* UI */ = {
			isa = PBXGroup;
			children = (
				790516F32594329F00B9E3DA /* Storyboard.swift */,
				790516D02592BED800B9E3DA /* Auth.storyboard */,
				790516D22592BEEC00B9E3DA /* Content.storyboard */,
				790516D42592BEF700B9E3DA /* Home.storyboard */,
				790516A82590D58000B9E3DA /* Feed.storyboard */,
				790516D82592BF4B00B9E3DA /* Profile.storyboard */,
			);
			path = UI;
			sourceTree = "<group>";
		};
		790516E12592CA6A00B9E3DA /* Root */ = {
			isa = PBXGroup;
			children = (
				790516AB2590D69300B9E3DA /* MainTabBarController.swift */,
				790516F125942D3B00B9E3DA /* TabBarContentCoordinator.swift */,
			);
			path = Root;
			sourceTree = "<group>";
		};
		790516EE25940BBC00B9E3DA /* Coordinator */ = {
			isa = PBXGroup;
			children = (
				790516A62590D4BF00B9E3DA /* CoordinatorProtocol.swift */,
				790516E6259393C900B9E3DA /* ChildCoordinatable.swift */,
				790516E22593937F00B9E3DA /* NavigationControllable.swift */,
				790516EF259413CE00B9E3DA /* TabBarControllable.swift */,
				790516E4259393A400B9E3DA /* ParentCoordinatable.swift */,
				790516E8259393F800B9E3DA /* Rootable.swift */,
				790516EA2593944400B9E3DA /* Dismissable.swift */,
			);
			path = Coordinator;
			sourceTree = "<group>";
		};
		790516F52595181700B9E3DA /* Utils */ = {
			isa = PBXGroup;
			children = (
				790516F62595182400B9E3DA /* Logger.swift */,
			);
			path = Utils;
			sourceTree = "<group>";
		};
/* End PBXGroup section */

/* Begin PBXNativeTarget section */
		7905168A2590C4C100B9E3DA /* MyCoordinatorsTemplate */ = {
			isa = PBXNativeTarget;
			buildConfigurationList = 7905169F2590C4C300B9E3DA /* Build configuration list for PBXNativeTarget "MyCoordinatorsTemplate" */;
			buildPhases = (
				790516872590C4C100B9E3DA /* Sources */,
				790516882590C4C100B9E3DA /* Frameworks */,
				790516892590C4C100B9E3DA /* Resources */,
			);
			buildRules = (
			);
			dependencies = (
			);
			name = MyCoordinatorsTemplate;
			productName = MyCoordinatorsTemplate;
			productReference = 7905168B2590C4C100B9E3DA /* MyCoordinatorsTemplate.app */;
			productType = "com.apple.product-type.application";
		};
/* End PBXNativeTarget section */

/* Begin PBXProject section */
		790516832590C4C100B9E3DA /* Project object */ = {
			isa = PBXProject;
			attributes = {
				LastSwiftUpdateCheck = 1120;
				LastUpgradeCheck = 1120;
				ORGANIZATIONNAME = "Danyl Timofeyev";
				TargetAttributes = {
					7905168A2590C4C100B9E3DA = {
						CreatedOnToolsVersion = 11.2.1;
					};
				};
			};
			buildConfigurationList = 790516862590C4C100B9E3DA /* Build configuration list for PBXProject "MyCoordinatorsTemplate" */;
			compatibilityVersion = "Xcode 9.3";
			developmentRegion = en;
			hasScannedForEncodings = 0;
			knownRegions = (
				en,
				Base,
			);
			mainGroup = 790516822590C4C100B9E3DA;
			productRefGroup = 7905168C2590C4C100B9E3DA /* Products */;
			projectDirPath = "";
			projectRoot = "";
			targets = (
				7905168A2590C4C100B9E3DA /* MyCoordinatorsTemplate */,
			);
		};
/* End PBXProject section */

/* Begin PBXResourcesBuildPhase section */
		790516892590C4C100B9E3DA /* Resources */ = {
			isa = PBXResourcesBuildPhase;
			buildActionMask = 2147483647;
			files = (
				790516D32592BEEC00B9E3DA /* Content.storyboard in Resources */,
				790516D12592BED800B9E3DA /* Auth.storyboard in Resources */,
				790516A92590D58000B9E3DA /* Feed.storyboard in Resources */,
				790516D52592BEF700B9E3DA /* Home.storyboard in Resources */,
				7905169B2590C4C300B9E3DA /* LaunchScreen.storyboard in Resources */,
				790516D92592BF4B00B9E3DA /* Profile.storyboard in Resources */,
				790516982590C4C300B9E3DA /* Assets.xcassets in Resources */,
			);
			runOnlyForDeploymentPostprocessing = 0;
		};
/* End PBXResourcesBuildPhase section */

/* Begin PBXSourcesBuildPhase section */
		790516872590C4C100B9E3DA /* Sources */ = {
			isa = PBXSourcesBuildPhase;
			buildActionMask = 2147483647;
			files = (
				790516F0259413CE00B9E3DA /* TabBarControllable.swift in Sources */,
				790516E9259393F800B9E3DA /* Rootable.swift in Sources */,
				790516AE2590D97300B9E3DA /* HomeViewController.swift in Sources */,
				790516C325925A2D00B9E3DA /* AuthCoordinator.swift in Sources */,
				790516A72590D4BF00B9E3DA /* CoordinatorProtocol.swift in Sources */,
				790516AC2590D69300B9E3DA /* MainTabBarController.swift in Sources */,
				790516CB2592BCE600B9E3DA /* PersonalInfoViewController.swift in Sources */,
				7905168F2590C4C100B9E3DA /* AppDelegate.swift in Sources */,
				790516EB2593944400B9E3DA /* Dismissable.swift in Sources */,
				790516F72595182400B9E3DA /* Logger.swift in Sources */,
				790516C125925A1500B9E3DA /* ProfileCoordinator.swift in Sources */,
				790516F225942D3B00B9E3DA /* TabBarContentCoordinator.swift in Sources */,
				790516F42594329F00B9E3DA /* Storyboard.swift in Sources */,
				790516E7259393C900B9E3DA /* ChildCoordinatable.swift in Sources */,
				790516C52592859600B9E3DA /* DraggableViewController.swift in Sources */,
				790516B02590D99C00B9E3DA /* FeedViewController.swift in Sources */,
				790516912590C4C100B9E3DA /* SceneDelegate.swift in Sources */,
				790516B62590E31F00B9E3DA /* ProfileViewController.swift in Sources */,
				790516E32593937F00B9E3DA /* NavigationControllable.swift in Sources */,
				790516ED2593948B00B9E3DA /* PresentationType.swift in Sources */,
				790516BF2590ECB400B9E3DA /* FeedCoordinator.swift in Sources */,
				790516B82590E34700B9E3DA /* AuthViewController.swift in Sources */,
				790516B42590DAD600B9E3DA /* Storyboarded.swift in Sources */,
				790516E5259393A400B9E3DA /* ParentCoordinatable.swift in Sources */,
				790516BD2590E86F00B9E3DA /* HomeCoordinator.swift in Sources */,
				790516DC2592C38000B9E3DA /* ApplicationCoordinator.swift in Sources */,
			);
			runOnlyForDeploymentPostprocessing = 0;
		};
/* End PBXSourcesBuildPhase section */

/* Begin PBXVariantGroup section */
		790516992590C4C300B9E3DA /* LaunchScreen.storyboard */ = {
			isa = PBXVariantGroup;
			children = (
				7905169A2590C4C300B9E3DA /* Base */,
			);
			name = LaunchScreen.storyboard;
			sourceTree = "<group>";
		};
/* End PBXVariantGroup section */

/* Begin XCBuildConfiguration section */
		7905169D2590C4C300B9E3DA /* Debug */ = {
			isa = XCBuildConfiguration;
			buildSettings = {
				ALWAYS_SEARCH_USER_PATHS = NO;
				CLANG_ANALYZER_NONNULL = YES;
				CLANG_ANALYZER_NUMBER_OBJECT_CONVERSION = YES_AGGRESSIVE;
				CLANG_CXX_LANGUAGE_STANDARD = "gnu++14";
				CLANG_CXX_LIBRARY = "libc++";
				CLANG_ENABLE_MODULES = YES;
				CLANG_ENABLE_OBJC_ARC = YES;
				CLANG_ENABLE_OBJC_WEAK = YES;
				CLANG_WARN_BLOCK_CAPTURE_AUTORELEASING = YES;
				CLANG_WARN_BOOL_CONVERSION = YES;
				CLANG_WARN_COMMA = YES;
				CLANG_WARN_CONSTANT_CONVERSION = YES;
				CLANG_WARN_DEPRECATED_OBJC_IMPLEMENTATIONS = YES;
				CLANG_WARN_DIRECT_OBJC_ISA_USAGE = YES_ERROR;
				CLANG_WARN_DOCUMENTATION_COMMENTS = YES;
				CLANG_WARN_EMPTY_BODY = YES;
				CLANG_WARN_ENUM_CONVERSION = YES;
				CLANG_WARN_INFINITE_RECURSION = YES;
				CLANG_WARN_INT_CONVERSION = YES;
				CLANG_WARN_NON_LITERAL_NULL_CONVERSION = YES;
				CLANG_WARN_OBJC_IMPLICIT_RETAIN_SELF = YES;
				CLANG_WARN_OBJC_LITERAL_CONVERSION = YES;
				CLANG_WARN_OBJC_ROOT_CLASS = YES_ERROR;
				CLANG_WARN_RANGE_LOOP_ANALYSIS = YES;
				CLANG_WARN_STRICT_PROTOTYPES = YES;
				CLANG_WARN_SUSPICIOUS_MOVE = YES;
				CLANG_WARN_UNGUARDED_AVAILABILITY = YES_AGGRESSIVE;
				CLANG_WARN_UNREACHABLE_CODE = YES;
				CLANG_WARN__DUPLICATE_METHOD_MATCH = YES;
				COPY_PHASE_STRIP = NO;
				DEBUG_INFORMATION_FORMAT = dwarf;
				ENABLE_STRICT_OBJC_MSGSEND = YES;
				ENABLE_TESTABILITY = YES;
				GCC_C_LANGUAGE_STANDARD = gnu11;
				GCC_DYNAMIC_NO_PIC = NO;
				GCC_NO_COMMON_BLOCKS = YES;
				GCC_OPTIMIZATION_LEVEL = 0;
				GCC_PREPROCESSOR_DEFINITIONS = (
					"DEBUG=1",
					"$(inherited)",
				);
				GCC_WARN_64_TO_32_BIT_CONVERSION = YES;
				GCC_WARN_ABOUT_RETURN_TYPE = YES_ERROR;
				GCC_WARN_UNDECLARED_SELECTOR = YES;
				GCC_WARN_UNINITIALIZED_AUTOS = YES_AGGRESSIVE;
				GCC_WARN_UNUSED_FUNCTION = YES;
				GCC_WARN_UNUSED_VARIABLE = YES;
				IPHONEOS_DEPLOYMENT_TARGET = 13.2;
				MTL_ENABLE_DEBUG_INFO = INCLUDE_SOURCE;
				MTL_FAST_MATH = YES;
				ONLY_ACTIVE_ARCH = YES;
				SDKROOT = iphoneos;
				SWIFT_ACTIVE_COMPILATION_CONDITIONS = DEBUG;
				SWIFT_OPTIMIZATION_LEVEL = "-Onone";
			};
			name = Debug;
		};
		7905169E2590C4C300B9E3DA /* Release */ = {
			isa = XCBuildConfiguration;
			buildSettings = {
				ALWAYS_SEARCH_USER_PATHS = NO;
				CLANG_ANALYZER_NONNULL = YES;
				CLANG_ANALYZER_NUMBER_OBJECT_CONVERSION = YES_AGGRESSIVE;
				CLANG_CXX_LANGUAGE_STANDARD = "gnu++14";
				CLANG_CXX_LIBRARY = "libc++";
				CLANG_ENABLE_MODULES = YES;
				CLANG_ENABLE_OBJC_ARC = YES;
				CLANG_ENABLE_OBJC_WEAK = YES;
				CLANG_WARN_BLOCK_CAPTURE_AUTORELEASING = YES;
				CLANG_WARN_BOOL_CONVERSION = YES;
				CLANG_WARN_COMMA = YES;
				CLANG_WARN_CONSTANT_CONVERSION = YES;
				CLANG_WARN_DEPRECATED_OBJC_IMPLEMENTATIONS = YES;
				CLANG_WARN_DIRECT_OBJC_ISA_USAGE = YES_ERROR;
				CLANG_WARN_DOCUMENTATION_COMMENTS = YES;
				CLANG_WARN_EMPTY_BODY = YES;
				CLANG_WARN_ENUM_CONVERSION = YES;
				CLANG_WARN_INFINITE_RECURSION = YES;
				CLANG_WARN_INT_CONVERSION = YES;
				CLANG_WARN_NON_LITERAL_NULL_CONVERSION = YES;
				CLANG_WARN_OBJC_IMPLICIT_RETAIN_SELF = YES;
				CLANG_WARN_OBJC_LITERAL_CONVERSION = YES;
				CLANG_WARN_OBJC_ROOT_CLASS = YES_ERROR;
				CLANG_WARN_RANGE_LOOP_ANALYSIS = YES;
				CLANG_WARN_STRICT_PROTOTYPES = YES;
				CLANG_WARN_SUSPICIOUS_MOVE = YES;
				CLANG_WARN_UNGUARDED_AVAILABILITY = YES_AGGRESSIVE;
				CLANG_WARN_UNREACHABLE_CODE = YES;
				CLANG_WARN__DUPLICATE_METHOD_MATCH = YES;
				COPY_PHASE_STRIP = NO;
				DEBUG_INFORMATION_FORMAT = "dwarf-with-dsym";
				ENABLE_NS_ASSERTIONS = NO;
				ENABLE_STRICT_OBJC_MSGSEND = YES;
				GCC_C_LANGUAGE_STANDARD = gnu11;
				GCC_NO_COMMON_BLOCKS = YES;
				GCC_WARN_64_TO_32_BIT_CONVERSION = YES;
				GCC_WARN_ABOUT_RETURN_TYPE = YES_ERROR;
				GCC_WARN_UNDECLARED_SELECTOR = YES;
				GCC_WARN_UNINITIALIZED_AUTOS = YES_AGGRESSIVE;
				GCC_WARN_UNUSED_FUNCTION = YES;
				GCC_WARN_UNUSED_VARIABLE = YES;
				IPHONEOS_DEPLOYMENT_TARGET = 13.2;
				MTL_ENABLE_DEBUG_INFO = NO;
				MTL_FAST_MATH = YES;
				SDKROOT = iphoneos;
				SWIFT_COMPILATION_MODE = wholemodule;
				SWIFT_OPTIMIZATION_LEVEL = "-O";
				VALIDATE_PRODUCT = YES;
			};
			name = Release;
		};
		790516A02590C4C300B9E3DA /* Debug */ = {
			isa = XCBuildConfiguration;
			buildSettings = {
				ASSETCATALOG_COMPILER_APPICON_NAME = AppIcon;
				CODE_SIGN_STYLE = Automatic;
				DEVELOPMENT_TEAM = C23K8VGFDE;
				INFOPLIST_FILE = MyCoordinatorsTemplate/Resources/Info.plist;
				LD_RUNPATH_SEARCH_PATHS = (
					"$(inherited)",
					"@executable_path/Frameworks",
				);
				PRODUCT_BUNDLE_IDENTIFIER = com.idanyl.MyCoordinatorsTemplate;
				PRODUCT_NAME = "$(TARGET_NAME)";
				SWIFT_VERSION = 5.0;
				TARGETED_DEVICE_FAMILY = "1,2";
			};
			name = Debug;
		};
		790516A12590C4C300B9E3DA /* Release */ = {
			isa = XCBuildConfiguration;
			buildSettings = {
				ASSETCATALOG_COMPILER_APPICON_NAME = AppIcon;
				CODE_SIGN_STYLE = Automatic;
				DEVELOPMENT_TEAM = C23K8VGFDE;
				INFOPLIST_FILE = MyCoordinatorsTemplate/Resources/Info.plist;
				LD_RUNPATH_SEARCH_PATHS = (
					"$(inherited)",
					"@executable_path/Frameworks",
				);
				PRODUCT_BUNDLE_IDENTIFIER = com.idanyl.MyCoordinatorsTemplate;
				PRODUCT_NAME = "$(TARGET_NAME)";
				SWIFT_VERSION = 5.0;
				TARGETED_DEVICE_FAMILY = "1,2";
			};
			name = Release;
		};
/* End XCBuildConfiguration section */

/* Begin XCConfigurationList section */
		790516862590C4C100B9E3DA /* Build configuration list for PBXProject "MyCoordinatorsTemplate" */ = {
			isa = XCConfigurationList;
			buildConfigurations = (
				7905169D2590C4C300B9E3DA /* Debug */,
				7905169E2590C4C300B9E3DA /* Release */,
			);
			defaultConfigurationIsVisible = 0;
			defaultConfigurationName = Release;
		};
		7905169F2590C4C300B9E3DA /* Build configuration list for PBXNativeTarget "MyCoordinatorsTemplate" */ = {
			isa = XCConfigurationList;
			buildConfigurations = (
				790516A02590C4C300B9E3DA /* Debug */,
				790516A12590C4C300B9E3DA /* Release */,
			);
			defaultConfigurationIsVisible = 0;
			defaultConfigurationName = Release;
		};
/* End XCConfigurationList section */
	};
	rootObject = 790516832590C4C100B9E3DA /* Project object */;
}
